// !$*UTF8*$!
{
	archiveVersion = 1;
	classes = {
	};
	objectVersion = 46;
	objects = {

/* Begin PBXBuildFile section */
		1BF9F4AE156483AE0015E004 /* UIKit.framework in Frameworks */ = {isa = PBXBuildFile; fileRef = 1BF9F4AD156483AE0015E004 /* UIKit.framework */; };
		1BF9F4B0156483AE0015E004 /* Foundation.framework in Frameworks */ = {isa = PBXBuildFile; fileRef = 1BF9F4AF156483AE0015E004 /* Foundation.framework */; };
		1BF9F4B2156483AE0015E004 /* CoreGraphics.framework in Frameworks */ = {isa = PBXBuildFile; fileRef = 1BF9F4B1156483AE0015E004 /* CoreGraphics.framework */; };
		1BF9F4B8156483AE0015E004 /* InfoPlist.strings in Resources */ = {isa = PBXBuildFile; fileRef = 1BF9F4B6156483AE0015E004 /* InfoPlist.strings */; };
		1BF9F4BA156483AE0015E004 /* main.m in Sources */ = {isa = PBXBuildFile; fileRef = 1BF9F4B9156483AE0015E004 /* main.m */; };
		1BF9F4BE156483AE0015E004 /* DCAppDelegate.m in Sources */ = {isa = PBXBuildFile; fileRef = 1BF9F4BD156483AE0015E004 /* DCAppDelegate.m */; };
		1BF9F4C5156483D40015E004 /* QuartzCore.framework in Frameworks */ = {isa = PBXBuildFile; fileRef = 1BF9F4C4156483D40015E004 /* QuartzCore.framework */; };
		1BF9F4C7156483DC0015E004 /* AssetsLibrary.framework in Frameworks */ = {isa = PBXBuildFile; fileRef = 1BF9F4C6156483DC0015E004 /* AssetsLibrary.framework */; };
		1BF9F4C9156483E70015E004 /* CoreData.framework in Frameworks */ = {isa = PBXBuildFile; fileRef = 1BF9F4C8156483E70015E004 /* CoreData.framework */; };
		1BF9F4CC156484160015E004 /* DCImageHelper.m in Sources */ = {isa = PBXBuildFile; fileRef = 1BF9F4CB156484160015E004 /* DCImageHelper.m */; };
		1BF9F4D0156485730015E004 /* DCPageView.m in Sources */ = {isa = PBXBuildFile; fileRef = 1BF9F4CF156485730015E004 /* DCPageView.m */; };
		1BF9F4D4156485C90015E004 /* DCPageScrollViewController.m in Sources */ = {isa = PBXBuildFile; fileRef = 1BF9F4D3156485C90015E004 /* DCPageScrollViewController.m */; };
		1BF9F4D9156486910015E004 /* DCDetailViewController.m in Sources */ = {isa = PBXBuildFile; fileRef = 1BF9F4D7156486910015E004 /* DCDetailViewController.m */; };
		1BF9F4DA156486910015E004 /* DCDetailViewController.xib in Resources */ = {isa = PBXBuildFile; fileRef = 1BF9F4D8156486910015E004 /* DCDetailViewController.xib */; };
		1BF9F4EE156488C70015E004 /* DCAssetLibHelper.m in Sources */ = {isa = PBXBuildFile; fileRef = 1BF9F4ED156488C60015E004 /* DCAssetLibHelper.m */; };
		1BF9F4F1156489E00015E004 /* DCAssetsGroup.m in Sources */ = {isa = PBXBuildFile; fileRef = 1BF9F4F0156489DF0015E004 /* DCAssetsGroup.m */; };
		1BF9F4F515648B730015E004 /* DCItemView.m in Sources */ = {isa = PBXBuildFile; fileRef = 1BF9F4F415648B730015E004 /* DCItemView.m */; };
		1BF9F50115648F920015E004 /* DCGroupView.m in Sources */ = {isa = PBXBuildFile; fileRef = 1BF9F50015648F920015E004 /* DCGroupView.m */; };
		1BF9F5141564939C0015E004 /* DCGroupViewCell.m in Sources */ = {isa = PBXBuildFile; fileRef = 1BF9F5101564939C0015E004 /* DCGroupViewCell.m */; };
		1BF9F5151564939C0015E004 /* DCGroupViewController.m in Sources */ = {isa = PBXBuildFile; fileRef = 1BF9F5121564939C0015E004 /* DCGroupViewController.m */; };
		1BF9F5161564939C0015E004 /* DCGroupViewController.xib in Resources */ = {isa = PBXBuildFile; fileRef = 1BF9F5131564939C0015E004 /* DCGroupViewController.xib */; };
		1BF9F51C156493A50015E004 /* DCItemViewCell.m in Sources */ = {isa = PBXBuildFile; fileRef = 1BF9F518156493A50015E004 /* DCItemViewCell.m */; };
		1BF9F51D156493A50015E004 /* DCItemViewController.m in Sources */ = {isa = PBXBuildFile; fileRef = 1BF9F51A156493A50015E004 /* DCItemViewController.m */; };
		1BF9F51E156493A50015E004 /* DCItemViewController.xib in Resources */ = {isa = PBXBuildFile; fileRef = 1BF9F51B156493A50015E004 /* DCItemViewController.xib */; };
		1BF9F533156499900015E004 /* AtomicArtistModel.xcdatamodeld in Sources */ = {isa = PBXBuildFile; fileRef = 1BF9F531156499900015E004 /* AtomicArtistModel.xcdatamodeld */; };
		1BF9F53D15649ACD0015E004 /* Group.m in Sources */ = {isa = PBXBuildFile; fileRef = 1BF9F53C15649ACD0015E004 /* Group.m */; };
		1BF9F54415649BD80015E004 /* Item.m in Sources */ = {isa = PBXBuildFile; fileRef = 1BF9F54315649BD80015E004 /* Item.m */; };
		1BF9F54815649D530015E004 /* DCDataModelHelper.m in Sources */ = {isa = PBXBuildFile; fileRef = 1BF9F54715649D530015E004 /* DCDataModelHelper.m */; };
/* End PBXBuildFile section */

/* Begin PBXFileReference section */
		1BF9F4A9156483AE0015E004 /* AtomicArtist.app */ = {isa = PBXFileReference; explicitFileType = wrapper.application; includeInIndex = 0; path = AtomicArtist.app; sourceTree = BUILT_PRODUCTS_DIR; };
		1BF9F4AD156483AE0015E004 /* UIKit.framework */ = {isa = PBXFileReference; lastKnownFileType = wrapper.framework; name = UIKit.framework; path = System/Library/Frameworks/UIKit.framework; sourceTree = SDKROOT; };
		1BF9F4AF156483AE0015E004 /* Foundation.framework */ = {isa = PBXFileReference; lastKnownFileType = wrapper.framework; name = Foundation.framework; path = System/Library/Frameworks/Foundation.framework; sourceTree = SDKROOT; };
		1BF9F4B1156483AE0015E004 /* CoreGraphics.framework */ = {isa = PBXFileReference; lastKnownFileType = wrapper.framework; name = CoreGraphics.framework; path = System/Library/Frameworks/CoreGraphics.framework; sourceTree = SDKROOT; };
		1BF9F4B5156483AE0015E004 /* AtomicArtist-Info.plist */ = {isa = PBXFileReference; lastKnownFileType = text.plist.xml; path = "AtomicArtist-Info.plist"; sourceTree = "<group>"; };
		1BF9F4B7156483AE0015E004 /* en */ = {isa = PBXFileReference; lastKnownFileType = text.plist.strings; name = en; path = en.lproj/InfoPlist.strings; sourceTree = "<group>"; };
		1BF9F4B9156483AE0015E004 /* main.m */ = {isa = PBXFileReference; lastKnownFileType = sourcecode.c.objc; path = main.m; sourceTree = "<group>"; };
		1BF9F4BB156483AE0015E004 /* AtomicArtist-Prefix.pch */ = {isa = PBXFileReference; lastKnownFileType = sourcecode.c.h; path = "AtomicArtist-Prefix.pch"; sourceTree = "<group>"; };
		1BF9F4BC156483AE0015E004 /* DCAppDelegate.h */ = {isa = PBXFileReference; lastKnownFileType = sourcecode.c.h; path = DCAppDelegate.h; sourceTree = "<group>"; };
		1BF9F4BD156483AE0015E004 /* DCAppDelegate.m */ = {isa = PBXFileReference; lastKnownFileType = sourcecode.c.objc; path = DCAppDelegate.m; sourceTree = "<group>"; };
		1BF9F4C4156483D40015E004 /* QuartzCore.framework */ = {isa = PBXFileReference; lastKnownFileType = wrapper.framework; name = QuartzCore.framework; path = System/Library/Frameworks/QuartzCore.framework; sourceTree = SDKROOT; };
		1BF9F4C6156483DC0015E004 /* AssetsLibrary.framework */ = {isa = PBXFileReference; lastKnownFileType = wrapper.framework; name = AssetsLibrary.framework; path = System/Library/Frameworks/AssetsLibrary.framework; sourceTree = SDKROOT; };
		1BF9F4C8156483E70015E004 /* CoreData.framework */ = {isa = PBXFileReference; lastKnownFileType = wrapper.framework; name = CoreData.framework; path = System/Library/Frameworks/CoreData.framework; sourceTree = SDKROOT; };
		1BF9F4CA156484160015E004 /* DCImageHelper.h */ = {isa = PBXFileReference; fileEncoding = 4; lastKnownFileType = sourcecode.c.h; path = DCImageHelper.h; sourceTree = "<group>"; };
		1BF9F4CB156484160015E004 /* DCImageHelper.m */ = {isa = PBXFileReference; fileEncoding = 4; lastKnownFileType = sourcecode.c.objc; path = DCImageHelper.m; sourceTree = "<group>"; };
		1BF9F4CD156484B30015E004 /* CommonDefine.h */ = {isa = PBXFileReference; fileEncoding = 4; lastKnownFileType = sourcecode.c.h; path = CommonDefine.h; sourceTree = "<group>"; };
		1BF9F4CE156485730015E004 /* DCPageView.h */ = {isa = PBXFileReference; fileEncoding = 4; lastKnownFileType = sourcecode.c.h; name = DCPageView.h; path = PageScrollView/DCPageView.h; sourceTree = "<group>"; };
		1BF9F4CF156485730015E004 /* DCPageView.m */ = {isa = PBXFileReference; fileEncoding = 4; lastKnownFileType = sourcecode.c.objc; name = DCPageView.m; path = PageScrollView/DCPageView.m; sourceTree = "<group>"; };
		1BF9F4D2156485C90015E004 /* DCPageScrollViewController.h */ = {isa = PBXFileReference; fileEncoding = 4; lastKnownFileType = sourcecode.c.h; name = DCPageScrollViewController.h; path = PageScrollView/DCPageScrollViewController.h; sourceTree = "<group>"; };
		1BF9F4D3156485C90015E004 /* DCPageScrollViewController.m */ = {isa = PBXFileReference; fileEncoding = 4; lastKnownFileType = sourcecode.c.objc; name = DCPageScrollViewController.m; path = PageScrollView/DCPageScrollViewController.m; sourceTree = "<group>"; };
		1BF9F4D6156486910015E004 /* DCDetailViewController.h */ = {isa = PBXFileReference; fileEncoding = 4; lastKnownFileType = sourcecode.c.h; name = DCDetailViewController.h; path = DetailView/DCDetailViewController.h; sourceTree = "<group>"; };
		1BF9F4D7156486910015E004 /* DCDetailViewController.m */ = {isa = PBXFileReference; fileEncoding = 4; lastKnownFileType = sourcecode.c.objc; name = DCDetailViewController.m; path = DetailView/DCDetailViewController.m; sourceTree = "<group>"; };
		1BF9F4D8156486910015E004 /* DCDetailViewController.xib */ = {isa = PBXFileReference; fileEncoding = 4; lastKnownFileType = file.xib; name = DCDetailViewController.xib; path = DetailView/DCDetailViewController.xib; sourceTree = "<group>"; };
		1BF9F4EC156488C60015E004 /* DCAssetLibHelper.h */ = {isa = PBXFileReference; fileEncoding = 4; lastKnownFileType = sourcecode.c.h; path = DCAssetLibHelper.h; sourceTree = "<group>"; };
		1BF9F4ED156488C60015E004 /* DCAssetLibHelper.m */ = {isa = PBXFileReference; fileEncoding = 4; lastKnownFileType = sourcecode.c.objc; path = DCAssetLibHelper.m; sourceTree = "<group>"; };
		1BF9F4EF156489DF0015E004 /* DCAssetsGroup.h */ = {isa = PBXFileReference; fileEncoding = 4; lastKnownFileType = sourcecode.c.h; path = DCAssetsGroup.h; sourceTree = "<group>"; };
		1BF9F4F0156489DF0015E004 /* DCAssetsGroup.m */ = {isa = PBXFileReference; fileEncoding = 4; lastKnownFileType = sourcecode.c.objc; path = DCAssetsGroup.m; sourceTree = "<group>"; };
		1BF9F4F315648B730015E004 /* DCItemView.h */ = {isa = PBXFileReference; fileEncoding = 4; lastKnownFileType = sourcecode.c.h; name = DCItemView.h; path = ItemView/DCItemView.h; sourceTree = "<group>"; };
		1BF9F4F415648B730015E004 /* DCItemView.m */ = {isa = PBXFileReference; fileEncoding = 4; lastKnownFileType = sourcecode.c.objc; name = DCItemView.m; path = ItemView/DCItemView.m; sourceTree = "<group>"; };
		1BF9F4FF15648F920015E004 /* DCGroupView.h */ = {isa = PBXFileReference; fileEncoding = 4; lastKnownFileType = sourcecode.c.h; name = DCGroupView.h; path = GroupView/DCGroupView.h; sourceTree = "<group>"; };
		1BF9F50015648F920015E004 /* DCGroupView.m */ = {isa = PBXFileReference; fileEncoding = 4; lastKnownFileType = sourcecode.c.objc; name = DCGroupView.m; path = GroupView/DCGroupView.m; sourceTree = "<group>"; };
		1BF9F50F1564939C0015E004 /* DCGroupViewCell.h */ = {isa = PBXFileReference; fileEncoding = 4; lastKnownFileType = sourcecode.c.h; name = DCGroupViewCell.h; path = GroupView/DCGroupViewCell.h; sourceTree = "<group>"; };
		1BF9F5101564939C0015E004 /* DCGroupViewCell.m */ = {isa = PBXFileReference; fileEncoding = 4; lastKnownFileType = sourcecode.c.objc; name = DCGroupViewCell.m; path = GroupView/DCGroupViewCell.m; sourceTree = "<group>"; };
		1BF9F5111564939C0015E004 /* DCGroupViewController.h */ = {isa = PBXFileReference; fileEncoding = 4; lastKnownFileType = sourcecode.c.h; name = DCGroupViewController.h; path = GroupView/DCGroupViewController.h; sourceTree = "<group>"; };
		1BF9F5121564939C0015E004 /* DCGroupViewController.m */ = {isa = PBXFileReference; fileEncoding = 4; lastKnownFileType = sourcecode.c.objc; name = DCGroupViewController.m; path = GroupView/DCGroupViewController.m; sourceTree = "<group>"; };
		1BF9F5131564939C0015E004 /* DCGroupViewController.xib */ = {isa = PBXFileReference; fileEncoding = 4; lastKnownFileType = file.xib; name = DCGroupViewController.xib; path = GroupView/DCGroupViewController.xib; sourceTree = "<group>"; };
		1BF9F517156493A50015E004 /* DCItemViewCell.h */ = {isa = PBXFileReference; fileEncoding = 4; lastKnownFileType = sourcecode.c.h; name = DCItemViewCell.h; path = ItemView/DCItemViewCell.h; sourceTree = "<group>"; };
		1BF9F518156493A50015E004 /* DCItemViewCell.m */ = {isa = PBXFileReference; fileEncoding = 4; lastKnownFileType = sourcecode.c.objc; name = DCItemViewCell.m; path = ItemView/DCItemViewCell.m; sourceTree = "<group>"; };
		1BF9F519156493A50015E004 /* DCItemViewController.h */ = {isa = PBXFileReference; fileEncoding = 4; lastKnownFileType = sourcecode.c.h; name = DCItemViewController.h; path = ItemView/DCItemViewController.h; sourceTree = "<group>"; };
		1BF9F51A156493A50015E004 /* DCItemViewController.m */ = {isa = PBXFileReference; fileEncoding = 4; lastKnownFileType = sourcecode.c.objc; name = DCItemViewController.m; path = ItemView/DCItemViewController.m; sourceTree = "<group>"; };
		1BF9F51B156493A50015E004 /* DCItemViewController.xib */ = {isa = PBXFileReference; fileEncoding = 4; lastKnownFileType = file.xib; name = DCItemViewController.xib; path = ItemView/DCItemViewController.xib; sourceTree = "<group>"; };
		1BF9F532156499900015E004 /* AtomicArtistModel.xcdatamodel */ = {isa = PBXFileReference; lastKnownFileType = wrapper.xcdatamodel; path = AtomicArtistModel.xcdatamodel; sourceTree = "<group>"; };
		1BF9F53B15649ACD0015E004 /* Group.h */ = {isa = PBXFileReference; fileEncoding = 4; lastKnownFileType = sourcecode.c.h; path = Group.h; sourceTree = "<group>"; };
		1BF9F53C15649ACD0015E004 /* Group.m */ = {isa = PBXFileReference; fileEncoding = 4; lastKnownFileType = sourcecode.c.objc; path = Group.m; sourceTree = "<group>"; };
		1BF9F54215649BD80015E004 /* Item.h */ = {isa = PBXFileReference; fileEncoding = 4; lastKnownFileType = sourcecode.c.h; path = Item.h; sourceTree = "<group>"; };
		1BF9F54315649BD80015E004 /* Item.m */ = {isa = PBXFileReference; fileEncoding = 4; lastKnownFileType = sourcecode.c.objc; path = Item.m; sourceTree = "<group>"; };
		1BF9F54615649D530015E004 /* DCDataModelHelper.h */ = {isa = PBXFileReference; fileEncoding = 4; lastKnownFileType = sourcecode.c.h; path = DCDataModelHelper.h; sourceTree = "<group>"; };
		1BF9F54715649D530015E004 /* DCDataModelHelper.m */ = {isa = PBXFileReference; fileEncoding = 4; lastKnownFileType = sourcecode.c.objc; path = DCDataModelHelper.m; sourceTree = "<group>"; };
/* End PBXFileReference section */

/* Begin PBXFrameworksBuildPhase section */
		1BF9F4A6156483AE0015E004 /* Frameworks */ = {
			isa = PBXFrameworksBuildPhase;
			buildActionMask = 2147483647;
			files = (
				1BF9F4C9156483E70015E004 /* CoreData.framework in Frameworks */,
				1BF9F4C7156483DC0015E004 /* AssetsLibrary.framework in Frameworks */,
				1BF9F4C5156483D40015E004 /* QuartzCore.framework in Frameworks */,
				1BF9F4AE156483AE0015E004 /* UIKit.framework in Frameworks */,
				1BF9F4B0156483AE0015E004 /* Foundation.framework in Frameworks */,
				1BF9F4B2156483AE0015E004 /* CoreGraphics.framework in Frameworks */,
			);
			runOnlyForDeploymentPostprocessing = 0;
		};
/* End PBXFrameworksBuildPhase section */

/* Begin PBXGroup section */
		1BF9F49E156483AE0015E004 = {
			isa = PBXGroup;
			children = (
				1BF9F4B3156483AE0015E004 /* AtomicArtist */,
				1BF9F4AC156483AE0015E004 /* Frameworks */,
				1BF9F4AA156483AE0015E004 /* Products */,
			);
			sourceTree = "<group>";
		};
		1BF9F4AA156483AE0015E004 /* Products */ = {
			isa = PBXGroup;
			children = (
				1BF9F4A9156483AE0015E004 /* AtomicArtist.app */,
			);
			name = Products;
			sourceTree = "<group>";
		};
		1BF9F4AC156483AE0015E004 /* Frameworks */ = {
			isa = PBXGroup;
			children = (
				1BF9F4C8156483E70015E004 /* CoreData.framework */,
				1BF9F4C6156483DC0015E004 /* AssetsLibrary.framework */,
				1BF9F4C4156483D40015E004 /* QuartzCore.framework */,
				1BF9F4AD156483AE0015E004 /* UIKit.framework */,
				1BF9F4AF156483AE0015E004 /* Foundation.framework */,
				1BF9F4B1156483AE0015E004 /* CoreGraphics.framework */,
			);
			name = Frameworks;
			sourceTree = "<group>";
		};
		1BF9F4B3156483AE0015E004 /* AtomicArtist */ = {
			isa = PBXGroup;
			children = (
				1BF9F4FE15648F6E0015E004 /* GroupView */,
				1BF9F4F215648B480015E004 /* ItemView */,
				1BF9F4DC156487470015E004 /* Data */,
				1BF9F4D51564866A0015E004 /* DetailView */,
				1BF9F4D11564858F0015E004 /* PageScrollView */,
				1BF9F4B4156483AE0015E004 /* Supporting Files */,
				1BF9F4BC156483AE0015E004 /* DCAppDelegate.h */,
				1BF9F4BD156483AE0015E004 /* DCAppDelegate.m */,
				1BF9F4CA156484160015E004 /* DCImageHelper.h */,
				1BF9F4CB156484160015E004 /* DCImageHelper.m */,
				1BF9F4CD156484B30015E004 /* CommonDefine.h */,
			);
			path = AtomicArtist;
			sourceTree = "<group>";
		};
		1BF9F4B4156483AE0015E004 /* Supporting Files */ = {
			isa = PBXGroup;
			children = (
				1BF9F4B5156483AE0015E004 /* AtomicArtist-Info.plist */,
				1BF9F4B6156483AE0015E004 /* InfoPlist.strings */,
				1BF9F4B9156483AE0015E004 /* main.m */,
				1BF9F4BB156483AE0015E004 /* AtomicArtist-Prefix.pch */,
			);
			name = "Supporting Files";
			sourceTree = "<group>";
		};
		1BF9F4D11564858F0015E004 /* PageScrollView */ = {
			isa = PBXGroup;
			children = (
				1BF9F4CE156485730015E004 /* DCPageView.h */,
				1BF9F4CF156485730015E004 /* DCPageView.m */,
				1BF9F4D2156485C90015E004 /* DCPageScrollViewController.h */,
				1BF9F4D3156485C90015E004 /* DCPageScrollViewController.m */,
			);
			name = PageScrollView;
			sourceTree = "<group>";
		};
		1BF9F4D51564866A0015E004 /* DetailView */ = {
			isa = PBXGroup;
			children = (
				1BF9F4D6156486910015E004 /* DCDetailViewController.h */,
				1BF9F4D7156486910015E004 /* DCDetailViewController.m */,
				1BF9F4D8156486910015E004 /* DCDetailViewController.xib */,
			);
			name = DetailView;
			sourceTree = "<group>";
		};
		1BF9F4DC156487470015E004 /* Data */ = {
			isa = PBXGroup;
			children = (
				1BF9F5491564A2310015E004 /* DataModel */,
				1BF9F4EF156489DF0015E004 /* DCAssetsGroup.h */,
				1BF9F4F0156489DF0015E004 /* DCAssetsGroup.m */,
				1BF9F4EC156488C60015E004 /* DCAssetLibHelper.h */,
				1BF9F4ED156488C60015E004 /* DCAssetLibHelper.m */,
			);
			path = Data;
			sourceTree = "<group>";
		};
		1BF9F4F215648B480015E004 /* ItemView */ = {
			isa = PBXGroup;
			children = (
				1BF9F517156493A50015E004 /* DCItemViewCell.h */,
				1BF9F518156493A50015E004 /* DCItemViewCell.m */,
				1BF9F519156493A50015E004 /* DCItemViewController.h */,
				1BF9F51A156493A50015E004 /* DCItemViewController.m */,
				1BF9F51B156493A50015E004 /* DCItemViewController.xib */,
				1BF9F4F315648B730015E004 /* DCItemView.h */,
				1BF9F4F415648B730015E004 /* DCItemView.m */,
			);
			name = ItemView;
			sourceTree = "<group>";
		};
		1BF9F4FE15648F6E0015E004 /* GroupView */ = {
			isa = PBXGroup;
			children = (
				1BF9F50F1564939C0015E004 /* DCGroupViewCell.h */,
				1BF9F5101564939C0015E004 /* DCGroupViewCell.m */,
				1BF9F5111564939C0015E004 /* DCGroupViewController.h */,
				1BF9F5121564939C0015E004 /* DCGroupViewController.m */,
				1BF9F5131564939C0015E004 /* DCGroupViewController.xib */,
				1BF9F4FF15648F920015E004 /* DCGroupView.h */,
				1BF9F50015648F920015E004 /* DCGroupView.m */,
			);
			name = GroupView;
			sourceTree = "<group>";
		};
		1BF9F5491564A2310015E004 /* DataModel */ = {
			isa = PBXGroup;
			children = (
				1BF9F531156499900015E004 /* AtomicArtistModel.xcdatamodeld */,
				1BF9F54215649BD80015E004 /* Item.h */,
				1BF9F54315649BD80015E004 /* Item.m */,
				1BF9F53B15649ACD0015E004 /* Group.h */,
				1BF9F53C15649ACD0015E004 /* Group.m */,
				1BF9F54615649D530015E004 /* DCDataModelHelper.h */,
				1BF9F54715649D530015E004 /* DCDataModelHelper.m */,
			);
			name = DataModel;
			sourceTree = "<group>";
		};
/* End PBXGroup section */

/* Begin PBXNativeTarget section */
		1BF9F4A8156483AE0015E004 /* AtomicArtist */ = {
			isa = PBXNativeTarget;
			buildConfigurationList = 1BF9F4C1156483AE0015E004 /* Build configuration list for PBXNativeTarget "AtomicArtist" */;
			buildPhases = (
				1BF9F4A5156483AE0015E004 /* Sources */,
				1BF9F4A6156483AE0015E004 /* Frameworks */,
				1BF9F4A7156483AE0015E004 /* Resources */,
			);
			buildRules = (
			);
			dependencies = (
			);
			name = AtomicArtist;
			productName = AtomicArtist;
			productReference = 1BF9F4A9156483AE0015E004 /* AtomicArtist.app */;
			productType = "com.apple.product-type.application";
		};
/* End PBXNativeTarget section */

/* Begin PBXProject section */
		1BF9F4A0156483AE0015E004 /* Project object */ = {
			isa = PBXProject;
			attributes = {
				CLASSPREFIX = DC;
				LastUpgradeCheck = 0430;
			};
			buildConfigurationList = 1BF9F4A3156483AE0015E004 /* Build configuration list for PBXProject "AtomicArtist" */;
			compatibilityVersion = "Xcode 3.2";
			developmentRegion = English;
			hasScannedForEncodings = 0;
			knownRegions = (
				en,
			);
			mainGroup = 1BF9F49E156483AE0015E004;
			productRefGroup = 1BF9F4AA156483AE0015E004 /* Products */;
			projectDirPath = "";
			projectRoot = "";
			targets = (
				1BF9F4A8156483AE0015E004 /* AtomicArtist */,
			);
		};
/* End PBXProject section */

/* Begin PBXResourcesBuildPhase section */
		1BF9F4A7156483AE0015E004 /* Resources */ = {
			isa = PBXResourcesBuildPhase;
			buildActionMask = 2147483647;
			files = (
				1BF9F4B8156483AE0015E004 /* InfoPlist.strings in Resources */,
				1BF9F4DA156486910015E004 /* DCDetailViewController.xib in Resources */,
				1BF9F5161564939C0015E004 /* DCGroupViewController.xib in Resources */,
				1BF9F51E156493A50015E004 /* DCItemViewController.xib in Resources */,
			);
			runOnlyForDeploymentPostprocessing = 0;
		};
/* End PBXResourcesBuildPhase section */

/* Begin PBXSourcesBuildPhase section */
		1BF9F4A5156483AE0015E004 /* Sources */ = {
			isa = PBXSourcesBuildPhase;
			buildActionMask = 2147483647;
			files = (
				1BF9F4BA156483AE0015E004 /* main.m in Sources */,
				1BF9F4BE156483AE0015E004 /* DCAppDelegate.m in Sources */,
				1BF9F4CC156484160015E004 /* DCImageHelper.m in Sources */,
				1BF9F4D0156485730015E004 /* DCPageView.m in Sources */,
				1BF9F4D4156485C90015E004 /* DCPageScrollViewController.m in Sources */,
				1BF9F4D9156486910015E004 /* DCDetailViewController.m in Sources */,
				1BF9F4EE156488C70015E004 /* DCAssetLibHelper.m in Sources */,
				1BF9F4F1156489E00015E004 /* DCAssetsGroup.m in Sources */,
				1BF9F4F515648B730015E004 /* DCItemView.m in Sources */,
				1BF9F50115648F920015E004 /* DCGroupView.m in Sources */,
				1BF9F5141564939C0015E004 /* DCGroupViewCell.m in Sources */,
				1BF9F5151564939C0015E004 /* DCGroupViewController.m in Sources */,
				1BF9F51C156493A50015E004 /* DCItemViewCell.m in Sources */,
				1BF9F51D156493A50015E004 /* DCItemViewController.m in Sources */,
				1BF9F533156499900015E004 /* AtomicArtistModel.xcdatamodeld in Sources */,
				1BF9F53D15649ACD0015E004 /* Group.m in Sources */,
				1BF9F54415649BD80015E004 /* Item.m in Sources */,
				1BF9F54815649D530015E004 /* DCDataModelHelper.m in Sources */,
			);
			runOnlyForDeploymentPostprocessing = 0;
		};
/* End PBXSourcesBuildPhase section */

/* Begin PBXVariantGroup section */
		1BF9F4B6156483AE0015E004 /* InfoPlist.strings */ = {
			isa = PBXVariantGroup;
			children = (
				1BF9F4B7156483AE0015E004 /* en */,
			);
			name = InfoPlist.strings;
			sourceTree = "<group>";
		};
/* End PBXVariantGroup section */

/* Begin XCBuildConfiguration section */
		1BF9F4BF156483AE0015E004 /* Debug */ = {
			isa = XCBuildConfiguration;
			buildSettings = {
				ALWAYS_SEARCH_USER_PATHS = NO;
				ARCHS = "$(ARCHS_STANDARD_32_BIT)";
				"CODE_SIGN_IDENTITY[sdk=iphoneos*]" = "iPhone Developer";
				COPY_PHASE_STRIP = NO;
				GCC_C_LANGUAGE_STANDARD = gnu99;
				GCC_DYNAMIC_NO_PIC = NO;
				GCC_OPTIMIZATION_LEVEL = 0;
				GCC_PREPROCESSOR_DEFINITIONS = (
					"DEBUG=1",
					"$(inherited)",
				);
				GCC_SYMBOLS_PRIVATE_EXTERN = NO;
				GCC_VERSION = com.apple.compilers.llvm.clang.1_0;
				GCC_WARN_ABOUT_RETURN_TYPE = YES;
				GCC_WARN_UNINITIALIZED_AUTOS = YES;
				GCC_WARN_UNUSED_VARIABLE = YES;
				IPHONEOS_DEPLOYMENT_TARGET = 5.1;
				SDKROOT = iphoneos;
				TARGETED_DEVICE_FAMILY = "1,2";
			};
			name = Debug;
		};
		1BF9F4C0156483AE0015E004 /* Release */ = {
			isa = XCBuildConfiguration;
			buildSettings = {
				ALWAYS_SEARCH_USER_PATHS = NO;
				ARCHS = "$(ARCHS_STANDARD_32_BIT)";
				"CODE_SIGN_IDENTITY[sdk=iphoneos*]" = "iPhone Developer";
				COPY_PHASE_STRIP = YES;
				GCC_C_LANGUAGE_STANDARD = gnu99;
				GCC_VERSION = com.apple.compilers.llvm.clang.1_0;
				GCC_WARN_ABOUT_RETURN_TYPE = YES;
				GCC_WARN_UNINITIALIZED_AUTOS = YES;
				GCC_WARN_UNUSED_VARIABLE = YES;
				IPHONEOS_DEPLOYMENT_TARGET = 5.1;
				OTHER_CFLAGS = "-DNS_BLOCK_ASSERTIONS=1";
				SDKROOT = iphoneos;
				TARGETED_DEVICE_FAMILY = "1,2";
				VALIDATE_PRODUCT = YES;
			};
			name = Release;
		};
		1BF9F4C2156483AE0015E004 /* Debug */ = {
			isa = XCBuildConfiguration;
			buildSettings = {
				GCC_PRECOMPILE_PREFIX_HEADER = YES;
				GCC_PREFIX_HEADER = "AtomicArtist/AtomicArtist-Prefix.pch";
				INFOPLIST_FILE = "AtomicArtist/AtomicArtist-Info.plist";
				PRODUCT_NAME = "$(TARGET_NAME)";
				WRAPPER_EXTENSION = app;
			};
			name = Debug;
		};
		1BF9F4C3156483AE0015E004 /* Release */ = {
			isa = XCBuildConfiguration;
			buildSettings = {
				GCC_PRECOMPILE_PREFIX_HEADER = YES;
				GCC_PREFIX_HEADER = "AtomicArtist/AtomicArtist-Prefix.pch";
				INFOPLIST_FILE = "AtomicArtist/AtomicArtist-Info.plist";
				PRODUCT_NAME = "$(TARGET_NAME)";
				WRAPPER_EXTENSION = app;
			};
			name = Release;
		};
/* End XCBuildConfiguration section */

/* Begin XCConfigurationList section */
		1BF9F4A3156483AE0015E004 /* Build configuration list for PBXProject "AtomicArtist" */ = {
			isa = XCConfigurationList;
			buildConfigurations = (
				1BF9F4BF156483AE0015E004 /* Debug */,
				1BF9F4C0156483AE0015E004 /* Release */,
			);
			defaultConfigurationIsVisible = 0;
			defaultConfigurationName = Release;
		};
		1BF9F4C1156483AE0015E004 /* Build configuration list for PBXNativeTarget "AtomicArtist" */ = {
			isa = XCConfigurationList;
			buildConfigurations = (
				1BF9F4C2156483AE0015E004 /* Debug */,
				1BF9F4C3156483AE0015E004 /* Release */,
			);
			defaultConfigurationIsVisible = 0;
			defaultConfigurationName = Release;
		};
/* End XCConfigurationList section */

/* Begin XCVersionGroup section */
		1BF9F531156499900015E004 /* AtomicArtistModel.xcdatamodeld */ = {
			isa = XCVersionGroup;
			children = (
				1BF9F532156499900015E004 /* AtomicArtistModel.xcdatamodel */,
			);
			currentVersion = 1BF9F532156499900015E004 /* AtomicArtistModel.xcdatamodel */;
			path = AtomicArtistModel.xcdatamodeld;
			sourceTree = "<group>";
			versionGroupType = wrapper.xcdatamodel;
		};
/* End XCVersionGroup section */
	};
	rootObject = 1BF9F4A0156483AE0015E004 /* Project object */;
}
