// !$*UTF8*$!
{
	archiveVersion = 1;
	classes = {
	};
	objectVersion = 46;
	objects = {

/* Begin PBXBuildFile section */
		1B0537631588810C000C93F8 /* DCCreateGroupOperation.m in Sources */ = {isa = PBXBuildFile; fileRef = 1B0537541588810A000C93F8 /* DCCreateGroupOperation.m */; };
		1B0537641588810C000C93F8 /* DCCreateItemOperation.m in Sources */ = {isa = PBXBuildFile; fileRef = 1B0537561588810A000C93F8 /* DCCreateItemOperation.m */; };
		1B0537651588810C000C93F8 /* DCDataModelCommonDefine.m in Sources */ = {isa = PBXBuildFile; fileRef = 1B0537581588810B000C93F8 /* DCDataModelCommonDefine.m */; };
		1B0537661588810C000C93F8 /* DCDataModelOperation.m in Sources */ = {isa = PBXBuildFile; fileRef = 1B05375A1588810B000C93F8 /* DCDataModelOperation.m */; };
		1B0537671588810C000C93F8 /* DCGetGroupOperation.m in Sources */ = {isa = PBXBuildFile; fileRef = 1B05375C1588810B000C93F8 /* DCGetGroupOperation.m */; };
		1B0537681588810C000C93F8 /* DCGetItemOperation.m in Sources */ = {isa = PBXBuildFile; fileRef = 1B05375E1588810C000C93F8 /* DCGetItemOperation.m */; };
		1B0537691588810C000C93F8 /* DCSaveOperation.m in Sources */ = {isa = PBXBuildFile; fileRef = 1B0537601588810C000C93F8 /* DCSaveOperation.m */; };
		1B05376A1588810C000C93F8 /* DCUpdateGroupOperation.m in Sources */ = {isa = PBXBuildFile; fileRef = 1B0537621588810C000C93F8 /* DCUpdateGroupOperation.m */; };
		1B14209B1574ABD00058199E /* DCALAssetGroupViewNaviTitle.xib in Resources */ = {isa = PBXBuildFile; fileRef = 1B14209A1574ABD00058199E /* DCALAssetGroupViewNaviTitle.xib */; };
		1B65666515A441E1000BF1BE /* DCViewCache.m in Sources */ = {isa = PBXBuildFile; fileRef = 1B65666215A441E1000BF1BE /* DCViewCache.m */; };
		1B65666615A441E1000BF1BE /* DCViewCacheOperation.m in Sources */ = {isa = PBXBuildFile; fileRef = 1B65666415A441E1000BF1BE /* DCViewCacheOperation.m */; };
		1B791D6815A541BE002CD1E5 /* DCBrower.m in Sources */ = {isa = PBXBuildFile; fileRef = 1B791D6715A541BE002CD1E5 /* DCBrower.m */; };
		1B8160FF156F17F400E40084 /* DCLoadThumbnailOperation.m in Sources */ = {isa = PBXBuildFile; fileRef = 1B8160FE156F17F300E40084 /* DCLoadThumbnailOperation.m */; };
		1B816111156F563400E40084 /* DCLoadPosterImageForALAssetsGroup.m in Sources */ = {isa = PBXBuildFile; fileRef = 1B816110156F563300E40084 /* DCLoadPosterImageForALAssetsGroup.m */; };
		1B816115156F59BD00E40084 /* DCLoadPosterImageOperation.m in Sources */ = {isa = PBXBuildFile; fileRef = 1B816114156F59BD00E40084 /* DCLoadPosterImageOperation.m */; };
		1B8EFA5C1565D9A100E66552 /* ImageIO.framework in Frameworks */ = {isa = PBXBuildFile; fileRef = 1B8EFA5B1565D9A100E66552 /* ImageIO.framework */; };
		1B8EFA601565DB5600E66552 /* DCUniformDataProtocol.m in Sources */ = {isa = PBXBuildFile; fileRef = 1B8EFA5F1565DB5600E66552 /* DCUniformDataProtocol.m */; };
		1BB122281569EB5300644586 /* DCItemPageScrollViewController.m in Sources */ = {isa = PBXBuildFile; fileRef = 1BB122271569EB5300644586 /* DCItemPageScrollViewController.m */; };
		1BBB2069156E2D09003BE51C /* DCDataLoader.m in Sources */ = {isa = PBXBuildFile; fileRef = 1BBB2066156E2D09003BE51C /* DCDataLoader.m */; };
		1BBB206A156E2D09003BE51C /* DCLoadThumbnailForALAssetItem.m in Sources */ = {isa = PBXBuildFile; fileRef = 1BBB2068156E2D09003BE51C /* DCLoadThumbnailForALAssetItem.m */; };
		1BBFAD8C1565246500D5FC76 /* DCALAssetGroupViewController.m in Sources */ = {isa = PBXBuildFile; fileRef = 1BBFAD8B1565246500D5FC76 /* DCALAssetGroupViewController.m */; };
		1BBFADA4156525B500D5FC76 /* AtomicArtistModel.xcdatamodeld in Sources */ = {isa = PBXBuildFile; fileRef = 1BBFAD9C156525B500D5FC76 /* AtomicArtistModel.xcdatamodeld */; };
		1BBFADA5156525B500D5FC76 /* DCDataModelHelper.m in Sources */ = {isa = PBXBuildFile; fileRef = 1BBFAD9F156525B500D5FC76 /* DCDataModelHelper.m */; };
		1BBFADA6156525B500D5FC76 /* Group.m in Sources */ = {isa = PBXBuildFile; fileRef = 1BBFADA1156525B500D5FC76 /* Group.m */; };
		1BBFADA7156525B500D5FC76 /* Item.m in Sources */ = {isa = PBXBuildFile; fileRef = 1BBFADA3156525B500D5FC76 /* Item.m */; };
		1BF9F4AE156483AE0015E004 /* UIKit.framework in Frameworks */ = {isa = PBXBuildFile; fileRef = 1BF9F4AD156483AE0015E004 /* UIKit.framework */; };
		1BF9F4B0156483AE0015E004 /* Foundation.framework in Frameworks */ = {isa = PBXBuildFile; fileRef = 1BF9F4AF156483AE0015E004 /* Foundation.framework */; };
		1BF9F4B2156483AE0015E004 /* CoreGraphics.framework in Frameworks */ = {isa = PBXBuildFile; fileRef = 1BF9F4B1156483AE0015E004 /* CoreGraphics.framework */; };
		1BF9F4B8156483AE0015E004 /* InfoPlist.strings in Resources */ = {isa = PBXBuildFile; fileRef = 1BF9F4B6156483AE0015E004 /* InfoPlist.strings */; };
		1BF9F4BA156483AE0015E004 /* main.m in Sources */ = {isa = PBXBuildFile; fileRef = 1BF9F4B9156483AE0015E004 /* main.m */; };
		1BF9F4BE156483AE0015E004 /* DCAppDelegate.m in Sources */ = {isa = PBXBuildFile; fileRef = 1BF9F4BD156483AE0015E004 /* DCAppDelegate.m */; };
		1BF9F4C5156483D40015E004 /* QuartzCore.framework in Frameworks */ = {isa = PBXBuildFile; fileRef = 1BF9F4C4156483D40015E004 /* QuartzCore.framework */; };
		1BF9F4C7156483DC0015E004 /* AssetsLibrary.framework in Frameworks */ = {isa = PBXBuildFile; fileRef = 1BF9F4C6156483DC0015E004 /* AssetsLibrary.framework */; };
		1BF9F4C9156483E70015E004 /* CoreData.framework in Frameworks */ = {isa = PBXBuildFile; fileRef = 1BF9F4C8156483E70015E004 /* CoreData.framework */; };
		1BF9F4CC156484160015E004 /* DCImageHelper.m in Sources */ = {isa = PBXBuildFile; fileRef = 1BF9F4CB156484160015E004 /* DCImageHelper.m */; };
		1BF9F4D0156485730015E004 /* DCPageView.m in Sources */ = {isa = PBXBuildFile; fileRef = 1BF9F4CF156485730015E004 /* DCPageView.m */; };
		1BF9F4D4156485C90015E004 /* DCPageScrollViewController.m in Sources */ = {isa = PBXBuildFile; fileRef = 1BF9F4D3156485C90015E004 /* DCPageScrollViewController.m */; };
		1BF9F4D9156486910015E004 /* DCDetailViewController.m in Sources */ = {isa = PBXBuildFile; fileRef = 1BF9F4D7156486910015E004 /* DCDetailViewController.m */; };
		1BF9F4F515648B730015E004 /* DCItemView.m in Sources */ = {isa = PBXBuildFile; fileRef = 1BF9F4F415648B730015E004 /* DCItemView.m */; };
		1BF9F50115648F920015E004 /* DCGroupView.m in Sources */ = {isa = PBXBuildFile; fileRef = 1BF9F50015648F920015E004 /* DCGroupView.m */; };
		1BF9F5141564939C0015E004 /* DCGroupViewCell.m in Sources */ = {isa = PBXBuildFile; fileRef = 1BF9F5101564939C0015E004 /* DCGroupViewCell.m */; };
		1BF9F5151564939C0015E004 /* DCGroupViewController.m in Sources */ = {isa = PBXBuildFile; fileRef = 1BF9F5121564939C0015E004 /* DCGroupViewController.m */; };
		1BF9F5161564939C0015E004 /* DCGroupViewController.xib in Resources */ = {isa = PBXBuildFile; fileRef = 1BF9F5131564939C0015E004 /* DCGroupViewController.xib */; };
		1BF9F51C156493A50015E004 /* DCItemViewCell.m in Sources */ = {isa = PBXBuildFile; fileRef = 1BF9F518156493A50015E004 /* DCItemViewCell.m */; };
		1BF9F51D156493A50015E004 /* DCItemViewController.m in Sources */ = {isa = PBXBuildFile; fileRef = 1BF9F51A156493A50015E004 /* DCItemViewController.m */; };
		1BF9F51E156493A50015E004 /* DCItemViewController.xib in Resources */ = {isa = PBXBuildFile; fileRef = 1BF9F51B156493A50015E004 /* DCItemViewController.xib */; };
		1BFCE23B15735A0800C07B87 /* DCALAssetItem.m in Sources */ = {isa = PBXBuildFile; fileRef = 1BFCE23415735A0800C07B87 /* DCALAssetItem.m */; };
		1BFCE23C15735A0800C07B87 /* DCALAssetsGroup.m in Sources */ = {isa = PBXBuildFile; fileRef = 1BFCE23615735A0800C07B87 /* DCALAssetsGroup.m */; };
		1BFCE23D15735A0800C07B87 /* DCALAssetsLibrary.m in Sources */ = {isa = PBXBuildFile; fileRef = 1BFCE23815735A0800C07B87 /* DCALAssetsLibrary.m */; };
		1BFCE23E15735A0800C07B87 /* DCALAssetsLibraryHelper.m in Sources */ = {isa = PBXBuildFile; fileRef = 1BFCE23A15735A0800C07B87 /* DCALAssetsLibraryHelper.m */; };
/* End PBXBuildFile section */

/* Begin PBXFileReference section */
		1B0537531588810A000C93F8 /* DCCreateGroupOperation.h */ = {isa = PBXFileReference; fileEncoding = 4; lastKnownFileType = sourcecode.c.h; path = DCCreateGroupOperation.h; sourceTree = "<group>"; };
		1B0537541588810A000C93F8 /* DCCreateGroupOperation.m */ = {isa = PBXFileReference; fileEncoding = 4; lastKnownFileType = sourcecode.c.objc; path = DCCreateGroupOperation.m; sourceTree = "<group>"; };
		1B0537551588810A000C93F8 /* DCCreateItemOperation.h */ = {isa = PBXFileReference; fileEncoding = 4; lastKnownFileType = sourcecode.c.h; path = DCCreateItemOperation.h; sourceTree = "<group>"; };
		1B0537561588810A000C93F8 /* DCCreateItemOperation.m */ = {isa = PBXFileReference; fileEncoding = 4; lastKnownFileType = sourcecode.c.objc; path = DCCreateItemOperation.m; sourceTree = "<group>"; };
		1B0537571588810B000C93F8 /* DCDataModelCommonDefine.h */ = {isa = PBXFileReference; fileEncoding = 4; lastKnownFileType = sourcecode.c.h; path = DCDataModelCommonDefine.h; sourceTree = "<group>"; };
		1B0537581588810B000C93F8 /* DCDataModelCommonDefine.m */ = {isa = PBXFileReference; fileEncoding = 4; lastKnownFileType = sourcecode.c.objc; path = DCDataModelCommonDefine.m; sourceTree = "<group>"; };
		1B0537591588810B000C93F8 /* DCDataModelOperation.h */ = {isa = PBXFileReference; fileEncoding = 4; lastKnownFileType = sourcecode.c.h; path = DCDataModelOperation.h; sourceTree = "<group>"; };
		1B05375A1588810B000C93F8 /* DCDataModelOperation.m */ = {isa = PBXFileReference; fileEncoding = 4; lastKnownFileType = sourcecode.c.objc; path = DCDataModelOperation.m; sourceTree = "<group>"; };
		1B05375B1588810B000C93F8 /* DCGetGroupOperation.h */ = {isa = PBXFileReference; fileEncoding = 4; lastKnownFileType = sourcecode.c.h; path = DCGetGroupOperation.h; sourceTree = "<group>"; };
		1B05375C1588810B000C93F8 /* DCGetGroupOperation.m */ = {isa = PBXFileReference; fileEncoding = 4; lastKnownFileType = sourcecode.c.objc; path = DCGetGroupOperation.m; sourceTree = "<group>"; };
		1B05375D1588810B000C93F8 /* DCGetItemOperation.h */ = {isa = PBXFileReference; fileEncoding = 4; lastKnownFileType = sourcecode.c.h; path = DCGetItemOperation.h; sourceTree = "<group>"; };
		1B05375E1588810C000C93F8 /* DCGetItemOperation.m */ = {isa = PBXFileReference; fileEncoding = 4; lastKnownFileType = sourcecode.c.objc; path = DCGetItemOperation.m; sourceTree = "<group>"; };
		1B05375F1588810C000C93F8 /* DCSaveOperation.h */ = {isa = PBXFileReference; fileEncoding = 4; lastKnownFileType = sourcecode.c.h; path = DCSaveOperation.h; sourceTree = "<group>"; };
		1B0537601588810C000C93F8 /* DCSaveOperation.m */ = {isa = PBXFileReference; fileEncoding = 4; lastKnownFileType = sourcecode.c.objc; path = DCSaveOperation.m; sourceTree = "<group>"; };
		1B0537611588810C000C93F8 /* DCUpdateGroupOperation.h */ = {isa = PBXFileReference; fileEncoding = 4; lastKnownFileType = sourcecode.c.h; path = DCUpdateGroupOperation.h; sourceTree = "<group>"; };
		1B0537621588810C000C93F8 /* DCUpdateGroupOperation.m */ = {isa = PBXFileReference; fileEncoding = 4; lastKnownFileType = sourcecode.c.objc; path = DCUpdateGroupOperation.m; sourceTree = "<group>"; };
		1B14209A1574ABD00058199E /* DCALAssetGroupViewNaviTitle.xib */ = {isa = PBXFileReference; fileEncoding = 4; lastKnownFileType = file.xib; name = DCALAssetGroupViewNaviTitle.xib; path = GroupView/ALAssetGroupView/DCALAssetGroupViewNaviTitle.xib; sourceTree = "<group>"; };
		1B65666115A441E1000BF1BE /* DCViewCache.h */ = {isa = PBXFileReference; fileEncoding = 4; lastKnownFileType = sourcecode.c.h; path = DCViewCache.h; sourceTree = "<group>"; };
		1B65666215A441E1000BF1BE /* DCViewCache.m */ = {isa = PBXFileReference; fileEncoding = 4; lastKnownFileType = sourcecode.c.objc; path = DCViewCache.m; sourceTree = "<group>"; };
		1B65666315A441E1000BF1BE /* DCViewCacheOperation.h */ = {isa = PBXFileReference; fileEncoding = 4; lastKnownFileType = sourcecode.c.h; path = DCViewCacheOperation.h; sourceTree = "<group>"; };
		1B65666415A441E1000BF1BE /* DCViewCacheOperation.m */ = {isa = PBXFileReference; fileEncoding = 4; lastKnownFileType = sourcecode.c.objc; path = DCViewCacheOperation.m; sourceTree = "<group>"; };
		1B791D6615A541BE002CD1E5 /* DCBrower.h */ = {isa = PBXFileReference; fileEncoding = 4; lastKnownFileType = sourcecode.c.h; path = DCBrower.h; sourceTree = "<group>"; };
		1B791D6715A541BE002CD1E5 /* DCBrower.m */ = {isa = PBXFileReference; fileEncoding = 4; lastKnownFileType = sourcecode.c.objc; path = DCBrower.m; sourceTree = "<group>"; };
		1B8160FD156F17F300E40084 /* DCLoadThumbnailOperation.h */ = {isa = PBXFileReference; fileEncoding = 4; lastKnownFileType = sourcecode.c.h; path = DCLoadThumbnailOperation.h; sourceTree = "<group>"; };
		1B8160FE156F17F300E40084 /* DCLoadThumbnailOperation.m */ = {isa = PBXFileReference; fileEncoding = 4; lastKnownFileType = sourcecode.c.objc; path = DCLoadThumbnailOperation.m; sourceTree = "<group>"; };
		1B81610F156F563300E40084 /* DCLoadPosterImageForALAssetsGroup.h */ = {isa = PBXFileReference; fileEncoding = 4; lastKnownFileType = sourcecode.c.h; path = DCLoadPosterImageForALAssetsGroup.h; sourceTree = "<group>"; };
		1B816110156F563300E40084 /* DCLoadPosterImageForALAssetsGroup.m */ = {isa = PBXFileReference; fileEncoding = 4; lastKnownFileType = sourcecode.c.objc; path = DCLoadPosterImageForALAssetsGroup.m; sourceTree = "<group>"; };
		1B816113156F59BD00E40084 /* DCLoadPosterImageOperation.h */ = {isa = PBXFileReference; fileEncoding = 4; lastKnownFileType = sourcecode.c.h; path = DCLoadPosterImageOperation.h; sourceTree = "<group>"; };
		1B816114156F59BD00E40084 /* DCLoadPosterImageOperation.m */ = {isa = PBXFileReference; fileEncoding = 4; lastKnownFileType = sourcecode.c.objc; path = DCLoadPosterImageOperation.m; sourceTree = "<group>"; };
		1B8EFA5B1565D9A100E66552 /* ImageIO.framework */ = {isa = PBXFileReference; lastKnownFileType = wrapper.framework; name = ImageIO.framework; path = System/Library/Frameworks/ImageIO.framework; sourceTree = SDKROOT; };
		1B8EFA5E1565DB5600E66552 /* DCUniformDataProtocol.h */ = {isa = PBXFileReference; fileEncoding = 4; lastKnownFileType = sourcecode.c.h; path = DCUniformDataProtocol.h; sourceTree = "<group>"; };
		1B8EFA5F1565DB5600E66552 /* DCUniformDataProtocol.m */ = {isa = PBXFileReference; fileEncoding = 4; lastKnownFileType = sourcecode.c.objc; path = DCUniformDataProtocol.m; sourceTree = "<group>"; };
		1BB122261569EB5300644586 /* DCItemPageScrollViewController.h */ = {isa = PBXFileReference; fileEncoding = 4; lastKnownFileType = sourcecode.c.h; name = DCItemPageScrollViewController.h; path = ItemView/DCItemPageScrollViewController.h; sourceTree = "<group>"; };
		1BB122271569EB5300644586 /* DCItemPageScrollViewController.m */ = {isa = PBXFileReference; fileEncoding = 4; lastKnownFileType = sourcecode.c.objc; name = DCItemPageScrollViewController.m; path = ItemView/DCItemPageScrollViewController.m; sourceTree = "<group>"; };
		1BBB2065156E2D09003BE51C /* DCDataLoader.h */ = {isa = PBXFileReference; fileEncoding = 4; lastKnownFileType = sourcecode.c.h; path = DCDataLoader.h; sourceTree = "<group>"; };
		1BBB2066156E2D09003BE51C /* DCDataLoader.m */ = {isa = PBXFileReference; fileEncoding = 4; lastKnownFileType = sourcecode.c.objc; path = DCDataLoader.m; sourceTree = "<group>"; };
		1BBB2067156E2D09003BE51C /* DCLoadThumbnailForALAssetItem.h */ = {isa = PBXFileReference; fileEncoding = 4; lastKnownFileType = sourcecode.c.h; path = DCLoadThumbnailForALAssetItem.h; sourceTree = "<group>"; };
		1BBB2068156E2D09003BE51C /* DCLoadThumbnailForALAssetItem.m */ = {isa = PBXFileReference; fileEncoding = 4; lastKnownFileType = sourcecode.c.objc; path = DCLoadThumbnailForALAssetItem.m; sourceTree = "<group>"; };
		1BBFAD8A1565246500D5FC76 /* DCALAssetGroupViewController.h */ = {isa = PBXFileReference; fileEncoding = 4; lastKnownFileType = sourcecode.c.h; name = DCALAssetGroupViewController.h; path = GroupView/ALAssetGroupView/DCALAssetGroupViewController.h; sourceTree = "<group>"; };
		1BBFAD8B1565246500D5FC76 /* DCALAssetGroupViewController.m */ = {isa = PBXFileReference; fileEncoding = 4; lastKnownFileType = sourcecode.c.objc; name = DCALAssetGroupViewController.m; path = GroupView/ALAssetGroupView/DCALAssetGroupViewController.m; sourceTree = "<group>"; };
		1BBFAD9D156525B500D5FC76 /* AtomicArtistModel.xcdatamodel */ = {isa = PBXFileReference; lastKnownFileType = wrapper.xcdatamodel; path = AtomicArtistModel.xcdatamodel; sourceTree = "<group>"; };
		1BBFAD9E156525B500D5FC76 /* DCDataModelHelper.h */ = {isa = PBXFileReference; fileEncoding = 4; lastKnownFileType = sourcecode.c.h; path = DCDataModelHelper.h; sourceTree = "<group>"; };
		1BBFAD9F156525B500D5FC76 /* DCDataModelHelper.m */ = {isa = PBXFileReference; fileEncoding = 4; lastKnownFileType = sourcecode.c.objc; path = DCDataModelHelper.m; sourceTree = "<group>"; };
		1BBFADA0156525B500D5FC76 /* Group.h */ = {isa = PBXFileReference; fileEncoding = 4; lastKnownFileType = sourcecode.c.h; path = Group.h; sourceTree = "<group>"; };
		1BBFADA1156525B500D5FC76 /* Group.m */ = {isa = PBXFileReference; fileEncoding = 4; lastKnownFileType = sourcecode.c.objc; path = Group.m; sourceTree = "<group>"; };
		1BBFADA2156525B500D5FC76 /* Item.h */ = {isa = PBXFileReference; fileEncoding = 4; lastKnownFileType = sourcecode.c.h; path = Item.h; sourceTree = "<group>"; };
		1BBFADA3156525B500D5FC76 /* Item.m */ = {isa = PBXFileReference; fileEncoding = 4; lastKnownFileType = sourcecode.c.objc; path = Item.m; sourceTree = "<group>"; };
		1BD5CACC15690F1600C9133D /* CommonDefine.h */ = {isa = PBXFileReference; fileEncoding = 4; lastKnownFileType = sourcecode.c.h; path = CommonDefine.h; sourceTree = "<group>"; };
		1BF9F4A9156483AE0015E004 /* AtomicArtist_Simulator.app */ = {isa = PBXFileReference; explicitFileType = wrapper.application; includeInIndex = 0; path = AtomicArtist_Simulator.app; sourceTree = BUILT_PRODUCTS_DIR; };
		1BF9F4AD156483AE0015E004 /* UIKit.framework */ = {isa = PBXFileReference; lastKnownFileType = wrapper.framework; name = UIKit.framework; path = System/Library/Frameworks/UIKit.framework; sourceTree = SDKROOT; };
		1BF9F4AF156483AE0015E004 /* Foundation.framework */ = {isa = PBXFileReference; lastKnownFileType = wrapper.framework; name = Foundation.framework; path = System/Library/Frameworks/Foundation.framework; sourceTree = SDKROOT; };
		1BF9F4B1156483AE0015E004 /* CoreGraphics.framework */ = {isa = PBXFileReference; lastKnownFileType = wrapper.framework; name = CoreGraphics.framework; path = System/Library/Frameworks/CoreGraphics.framework; sourceTree = SDKROOT; };
		1BF9F4B5156483AE0015E004 /* AtomicArtist-Info.plist */ = {isa = PBXFileReference; lastKnownFileType = text.plist.xml; path = "AtomicArtist-Info.plist"; sourceTree = "<group>"; };
		1BF9F4B7156483AE0015E004 /* en */ = {isa = PBXFileReference; lastKnownFileType = text.plist.strings; name = en; path = en.lproj/InfoPlist.strings; sourceTree = "<group>"; };
		1BF9F4B9156483AE0015E004 /* main.m */ = {isa = PBXFileReference; lastKnownFileType = sourcecode.c.objc; path = main.m; sourceTree = "<group>"; };
		1BF9F4BB156483AE0015E004 /* AtomicArtist-Prefix.pch */ = {isa = PBXFileReference; lastKnownFileType = sourcecode.c.h; path = "AtomicArtist-Prefix.pch"; sourceTree = "<group>"; };
		1BF9F4BC156483AE0015E004 /* DCAppDelegate.h */ = {isa = PBXFileReference; lastKnownFileType = sourcecode.c.h; path = DCAppDelegate.h; sourceTree = "<group>"; };
		1BF9F4BD156483AE0015E004 /* DCAppDelegate.m */ = {isa = PBXFileReference; lastKnownFileType = sourcecode.c.objc; path = DCAppDelegate.m; sourceTree = "<group>"; };
		1BF9F4C4156483D40015E004 /* QuartzCore.framework */ = {isa = PBXFileReference; lastKnownFileType = wrapper.framework; name = QuartzCore.framework; path = System/Library/Frameworks/QuartzCore.framework; sourceTree = SDKROOT; };
		1BF9F4C6156483DC0015E004 /* AssetsLibrary.framework */ = {isa = PBXFileReference; lastKnownFileType = wrapper.framework; name = AssetsLibrary.framework; path = System/Library/Frameworks/AssetsLibrary.framework; sourceTree = SDKROOT; };
		1BF9F4C8156483E70015E004 /* CoreData.framework */ = {isa = PBXFileReference; lastKnownFileType = wrapper.framework; name = CoreData.framework; path = System/Library/Frameworks/CoreData.framework; sourceTree = SDKROOT; };
		1BF9F4CA156484160015E004 /* DCImageHelper.h */ = {isa = PBXFileReference; fileEncoding = 4; lastKnownFileType = sourcecode.c.h; path = DCImageHelper.h; sourceTree = "<group>"; };
		1BF9F4CB156484160015E004 /* DCImageHelper.m */ = {isa = PBXFileReference; fileEncoding = 4; lastKnownFileType = sourcecode.c.objc; path = DCImageHelper.m; sourceTree = "<group>"; };
		1BF9F4CE156485730015E004 /* DCPageView.h */ = {isa = PBXFileReference; fileEncoding = 4; lastKnownFileType = sourcecode.c.h; name = DCPageView.h; path = PageScrollView/DCPageView.h; sourceTree = "<group>"; };
		1BF9F4CF156485730015E004 /* DCPageView.m */ = {isa = PBXFileReference; fileEncoding = 4; lastKnownFileType = sourcecode.c.objc; name = DCPageView.m; path = PageScrollView/DCPageView.m; sourceTree = "<group>"; };
		1BF9F4D2156485C90015E004 /* DCPageScrollViewController.h */ = {isa = PBXFileReference; fileEncoding = 4; lastKnownFileType = sourcecode.c.h; name = DCPageScrollViewController.h; path = PageScrollView/DCPageScrollViewController.h; sourceTree = "<group>"; };
		1BF9F4D3156485C90015E004 /* DCPageScrollViewController.m */ = {isa = PBXFileReference; fileEncoding = 4; lastKnownFileType = sourcecode.c.objc; name = DCPageScrollViewController.m; path = PageScrollView/DCPageScrollViewController.m; sourceTree = "<group>"; };
		1BF9F4D6156486910015E004 /* DCDetailViewController.h */ = {isa = PBXFileReference; fileEncoding = 4; lastKnownFileType = sourcecode.c.h; name = DCDetailViewController.h; path = DetailView/DCDetailViewController.h; sourceTree = "<group>"; };
		1BF9F4D7156486910015E004 /* DCDetailViewController.m */ = {isa = PBXFileReference; fileEncoding = 4; lastKnownFileType = sourcecode.c.objc; name = DCDetailViewController.m; path = DetailView/DCDetailViewController.m; sourceTree = "<group>"; };
		1BF9F4F315648B730015E004 /* DCItemView.h */ = {isa = PBXFileReference; fileEncoding = 4; lastKnownFileType = sourcecode.c.h; name = DCItemView.h; path = ItemView/DCItemView.h; sourceTree = "<group>"; };
		1BF9F4F415648B730015E004 /* DCItemView.m */ = {isa = PBXFileReference; fileEncoding = 4; lastKnownFileType = sourcecode.c.objc; name = DCItemView.m; path = ItemView/DCItemView.m; sourceTree = "<group>"; };
		1BF9F4FF15648F920015E004 /* DCGroupView.h */ = {isa = PBXFileReference; fileEncoding = 4; lastKnownFileType = sourcecode.c.h; name = DCGroupView.h; path = GroupView/DCGroupView.h; sourceTree = "<group>"; };
		1BF9F50015648F920015E004 /* DCGroupView.m */ = {isa = PBXFileReference; fileEncoding = 4; lastKnownFileType = sourcecode.c.objc; name = DCGroupView.m; path = GroupView/DCGroupView.m; sourceTree = "<group>"; };
		1BF9F50F1564939C0015E004 /* DCGroupViewCell.h */ = {isa = PBXFileReference; fileEncoding = 4; lastKnownFileType = sourcecode.c.h; name = DCGroupViewCell.h; path = GroupView/DCGroupViewCell.h; sourceTree = "<group>"; };
		1BF9F5101564939C0015E004 /* DCGroupViewCell.m */ = {isa = PBXFileReference; fileEncoding = 4; lastKnownFileType = sourcecode.c.objc; name = DCGroupViewCell.m; path = GroupView/DCGroupViewCell.m; sourceTree = "<group>"; };
		1BF9F5111564939C0015E004 /* DCGroupViewController.h */ = {isa = PBXFileReference; fileEncoding = 4; lastKnownFileType = sourcecode.c.h; name = DCGroupViewController.h; path = GroupView/DCGroupViewController.h; sourceTree = "<group>"; };
		1BF9F5121564939C0015E004 /* DCGroupViewController.m */ = {isa = PBXFileReference; fileEncoding = 4; lastKnownFileType = sourcecode.c.objc; name = DCGroupViewController.m; path = GroupView/DCGroupViewController.m; sourceTree = "<group>"; };
		1BF9F5131564939C0015E004 /* DCGroupViewController.xib */ = {isa = PBXFileReference; fileEncoding = 4; lastKnownFileType = file.xib; name = DCGroupViewController.xib; path = GroupView/DCGroupViewController.xib; sourceTree = "<group>"; };
		1BF9F517156493A50015E004 /* DCItemViewCell.h */ = {isa = PBXFileReference; fileEncoding = 4; lastKnownFileType = sourcecode.c.h; name = DCItemViewCell.h; path = ItemView/DCItemViewCell.h; sourceTree = "<group>"; };
		1BF9F518156493A50015E004 /* DCItemViewCell.m */ = {isa = PBXFileReference; fileEncoding = 4; lastKnownFileType = sourcecode.c.objc; name = DCItemViewCell.m; path = ItemView/DCItemViewCell.m; sourceTree = "<group>"; };
		1BF9F519156493A50015E004 /* DCItemViewController.h */ = {isa = PBXFileReference; fileEncoding = 4; lastKnownFileType = sourcecode.c.h; name = DCItemViewController.h; path = ItemView/DCItemViewController.h; sourceTree = "<group>"; };
		1BF9F51A156493A50015E004 /* DCItemViewController.m */ = {isa = PBXFileReference; fileEncoding = 4; lastKnownFileType = sourcecode.c.objc; name = DCItemViewController.m; path = ItemView/DCItemViewController.m; sourceTree = "<group>"; };
		1BF9F51B156493A50015E004 /* DCItemViewController.xib */ = {isa = PBXFileReference; fileEncoding = 4; lastKnownFileType = file.xib; name = DCItemViewController.xib; path = ItemView/DCItemViewController.xib; sourceTree = "<group>"; };
		1BFCE23315735A0800C07B87 /* DCALAssetItem.h */ = {isa = PBXFileReference; fileEncoding = 4; lastKnownFileType = sourcecode.c.h; path = DCALAssetItem.h; sourceTree = "<group>"; };
		1BFCE23415735A0800C07B87 /* DCALAssetItem.m */ = {isa = PBXFileReference; fileEncoding = 4; lastKnownFileType = sourcecode.c.objc; path = DCALAssetItem.m; sourceTree = "<group>"; };
		1BFCE23515735A0800C07B87 /* DCALAssetsGroup.h */ = {isa = PBXFileReference; fileEncoding = 4; lastKnownFileType = sourcecode.c.h; path = DCALAssetsGroup.h; sourceTree = "<group>"; };
		1BFCE23615735A0800C07B87 /* DCALAssetsGroup.m */ = {isa = PBXFileReference; fileEncoding = 4; lastKnownFileType = sourcecode.c.objc; path = DCALAssetsGroup.m; sourceTree = "<group>"; };
		1BFCE23715735A0800C07B87 /* DCALAssetsLibrary.h */ = {isa = PBXFileReference; fileEncoding = 4; lastKnownFileType = sourcecode.c.h; path = DCALAssetsLibrary.h; sourceTree = "<group>"; };
		1BFCE23815735A0800C07B87 /* DCALAssetsLibrary.m */ = {isa = PBXFileReference; fileEncoding = 4; lastKnownFileType = sourcecode.c.objc; path = DCALAssetsLibrary.m; sourceTree = "<group>"; };
		1BFCE23915735A0800C07B87 /* DCALAssetsLibraryHelper.h */ = {isa = PBXFileReference; fileEncoding = 4; lastKnownFileType = sourcecode.c.h; path = DCALAssetsLibraryHelper.h; sourceTree = "<group>"; };
		1BFCE23A15735A0800C07B87 /* DCALAssetsLibraryHelper.m */ = {isa = PBXFileReference; fileEncoding = 4; lastKnownFileType = sourcecode.c.objc; path = DCALAssetsLibraryHelper.m; sourceTree = "<group>"; };
/* End PBXFileReference section */

/* Begin PBXFrameworksBuildPhase section */
		1BF9F4A6156483AE0015E004 /* Frameworks */ = {
			isa = PBXFrameworksBuildPhase;
			buildActionMask = 2147483647;
			files = (
				1B8EFA5C1565D9A100E66552 /* ImageIO.framework in Frameworks */,
				1BF9F4C9156483E70015E004 /* CoreData.framework in Frameworks */,
				1BF9F4C7156483DC0015E004 /* AssetsLibrary.framework in Frameworks */,
				1BF9F4C5156483D40015E004 /* QuartzCore.framework in Frameworks */,
				1BF9F4AE156483AE0015E004 /* UIKit.framework in Frameworks */,
				1BF9F4B0156483AE0015E004 /* Foundation.framework in Frameworks */,
				1BF9F4B2156483AE0015E004 /* CoreGraphics.framework in Frameworks */,
			);
			runOnlyForDeploymentPostprocessing = 0;
		};
/* End PBXFrameworksBuildPhase section */

/* Begin PBXGroup section */
		1B65666015A441E1000BF1BE /* ViewCache */ = {
			isa = PBXGroup;
			children = (
				1B65666115A441E1000BF1BE /* DCViewCache.h */,
				1B65666215A441E1000BF1BE /* DCViewCache.m */,
				1B65666315A441E1000BF1BE /* DCViewCacheOperation.h */,
				1B65666415A441E1000BF1BE /* DCViewCacheOperation.m */,
			);
			path = ViewCache;
			sourceTree = "<group>";
		};
		1BBB2064156E2D09003BE51C /* DataLoader */ = {
			isa = PBXGroup;
			children = (
				1BBB2065156E2D09003BE51C /* DCDataLoader.h */,
				1BBB2066156E2D09003BE51C /* DCDataLoader.m */,
				1BBB2067156E2D09003BE51C /* DCLoadThumbnailForALAssetItem.h */,
				1BBB2068156E2D09003BE51C /* DCLoadThumbnailForALAssetItem.m */,
				1B8160FD156F17F300E40084 /* DCLoadThumbnailOperation.h */,
				1B8160FE156F17F300E40084 /* DCLoadThumbnailOperation.m */,
				1B81610F156F563300E40084 /* DCLoadPosterImageForALAssetsGroup.h */,
				1B816110156F563300E40084 /* DCLoadPosterImageForALAssetsGroup.m */,
				1B816113156F59BD00E40084 /* DCLoadPosterImageOperation.h */,
				1B816114156F59BD00E40084 /* DCLoadPosterImageOperation.m */,
			);
			path = DataLoader;
			sourceTree = "<group>";
		};
		1BBFAD881565241E00D5FC76 /* ALAsseetGroupView */ = {
			isa = PBXGroup;
			children = (
				1B14209A1574ABD00058199E /* DCALAssetGroupViewNaviTitle.xib */,
				1BBFAD8A1565246500D5FC76 /* DCALAssetGroupViewController.h */,
				1BBFAD8B1565246500D5FC76 /* DCALAssetGroupViewController.m */,
			);
			name = ALAsseetGroupView;
			sourceTree = "<group>";
		};
		1BBFAD8D156525A400D5FC76 /* DataLibraryHelper */ = {
			isa = PBXGroup;
			children = (
				1BFCE23215735A0800C07B87 /* ALAssertsLibrary */,
				1B8EFA5E1565DB5600E66552 /* DCUniformDataProtocol.h */,
				1B8EFA5F1565DB5600E66552 /* DCUniformDataProtocol.m */,
			);
			path = DataLibraryHelper;
			sourceTree = "<group>";
		};
		1BBFAD9B156525B500D5FC76 /* DataModel */ = {
			isa = PBXGroup;
			children = (
				1B0537571588810B000C93F8 /* DCDataModelCommonDefine.h */,
				1B0537581588810B000C93F8 /* DCDataModelCommonDefine.m */,
				1BBFAD9C156525B500D5FC76 /* AtomicArtistModel.xcdatamodeld */,
				1BBFAD9E156525B500D5FC76 /* DCDataModelHelper.h */,
				1BBFAD9F156525B500D5FC76 /* DCDataModelHelper.m */,
				1BBFADA0156525B500D5FC76 /* Group.h */,
				1BBFADA1156525B500D5FC76 /* Group.m */,
				1BBFADA2156525B500D5FC76 /* Item.h */,
				1BBFADA3156525B500D5FC76 /* Item.m */,
				1B0537591588810B000C93F8 /* DCDataModelOperation.h */,
				1B05375A1588810B000C93F8 /* DCDataModelOperation.m */,
				1B0537531588810A000C93F8 /* DCCreateGroupOperation.h */,
				1B0537541588810A000C93F8 /* DCCreateGroupOperation.m */,
				1B0537551588810A000C93F8 /* DCCreateItemOperation.h */,
				1B0537561588810A000C93F8 /* DCCreateItemOperation.m */,
				1B05375B1588810B000C93F8 /* DCGetGroupOperation.h */,
				1B05375C1588810B000C93F8 /* DCGetGroupOperation.m */,
				1B05375D1588810B000C93F8 /* DCGetItemOperation.h */,
				1B05375E1588810C000C93F8 /* DCGetItemOperation.m */,
				1B05375F1588810C000C93F8 /* DCSaveOperation.h */,
				1B0537601588810C000C93F8 /* DCSaveOperation.m */,
				1B0537611588810C000C93F8 /* DCUpdateGroupOperation.h */,
				1B0537621588810C000C93F8 /* DCUpdateGroupOperation.m */,
			);
			path = DataModel;
			sourceTree = "<group>";
		};
		1BF9F49E156483AE0015E004 = {
			isa = PBXGroup;
			children = (
				1BF9F4B3156483AE0015E004 /* AtomicArtist */,
				1BF9F4AC156483AE0015E004 /* Frameworks */,
				1BF9F4AA156483AE0015E004 /* Products */,
			);
			sourceTree = "<group>";
		};
		1BF9F4AA156483AE0015E004 /* Products */ = {
			isa = PBXGroup;
			children = (
				1BF9F4A9156483AE0015E004 /* AtomicArtist_Simulator.app */,
			);
			name = Products;
			sourceTree = "<group>";
		};
		1BF9F4AC156483AE0015E004 /* Frameworks */ = {
			isa = PBXGroup;
			children = (
				1B8EFA5B1565D9A100E66552 /* ImageIO.framework */,
				1BF9F4C8156483E70015E004 /* CoreData.framework */,
				1BF9F4C6156483DC0015E004 /* AssetsLibrary.framework */,
				1BF9F4C4156483D40015E004 /* QuartzCore.framework */,
				1BF9F4AD156483AE0015E004 /* UIKit.framework */,
				1BF9F4AF156483AE0015E004 /* Foundation.framework */,
				1BF9F4B1156483AE0015E004 /* CoreGraphics.framework */,
			);
			name = Frameworks;
			sourceTree = "<group>";
		};
		1BF9F4B3156483AE0015E004 /* AtomicArtist */ = {
			isa = PBXGroup;
			children = (
				1B65666015A441E1000BF1BE /* ViewCache */,
				1BF9F4DC156487470015E004 /* Data */,
				1BF9F4FE15648F6E0015E004 /* GroupView */,
				1BF9F4F215648B480015E004 /* ItemView */,
				1BF9F4D51564866A0015E004 /* DetailView */,
				1BF9F4D11564858F0015E004 /* PageScrollView */,
				1BF9F4B4156483AE0015E004 /* Supporting Files */,
				1BF9F4BC156483AE0015E004 /* DCAppDelegate.h */,
				1BF9F4BD156483AE0015E004 /* DCAppDelegate.m */,
				1BF9F4CA156484160015E004 /* DCImageHelper.h */,
				1BF9F4CB156484160015E004 /* DCImageHelper.m */,
				1BD5CACC15690F1600C9133D /* CommonDefine.h */,
				1B791D6615A541BE002CD1E5 /* DCBrower.h */,
				1B791D6715A541BE002CD1E5 /* DCBrower.m */,
			);
			path = AtomicArtist;
			sourceTree = "<group>";
		};
		1BF9F4B4156483AE0015E004 /* Supporting Files */ = {
			isa = PBXGroup;
			children = (
				1BF9F4B5156483AE0015E004 /* AtomicArtist-Info.plist */,
				1BF9F4B6156483AE0015E004 /* InfoPlist.strings */,
				1BF9F4B9156483AE0015E004 /* main.m */,
				1BF9F4BB156483AE0015E004 /* AtomicArtist-Prefix.pch */,
			);
			name = "Supporting Files";
			sourceTree = "<group>";
		};
		1BF9F4D11564858F0015E004 /* PageScrollView */ = {
			isa = PBXGroup;
			children = (
				1BF9F4CE156485730015E004 /* DCPageView.h */,
				1BF9F4CF156485730015E004 /* DCPageView.m */,
				1BF9F4D2156485C90015E004 /* DCPageScrollViewController.h */,
				1BF9F4D3156485C90015E004 /* DCPageScrollViewController.m */,
			);
			name = PageScrollView;
			sourceTree = "<group>";
		};
		1BF9F4D51564866A0015E004 /* DetailView */ = {
			isa = PBXGroup;
			children = (
				1BF9F4D6156486910015E004 /* DCDetailViewController.h */,
				1BF9F4D7156486910015E004 /* DCDetailViewController.m */,
			);
			name = DetailView;
			sourceTree = "<group>";
		};
		1BF9F4DC156487470015E004 /* Data */ = {
			isa = PBXGroup;
			children = (
				1BBB2064156E2D09003BE51C /* DataLoader */,
				1BBFAD9B156525B500D5FC76 /* DataModel */,
				1BBFAD8D156525A400D5FC76 /* DataLibraryHelper */,
			);
			path = Data;
			sourceTree = "<group>";
		};
		1BF9F4F215648B480015E004 /* ItemView */ = {
			isa = PBXGroup;
			children = (
				1BF9F519156493A50015E004 /* DCItemViewController.h */,
				1BF9F51A156493A50015E004 /* DCItemViewController.m */,
				1BF9F51B156493A50015E004 /* DCItemViewController.xib */,
				1BF9F517156493A50015E004 /* DCItemViewCell.h */,
				1BF9F518156493A50015E004 /* DCItemViewCell.m */,
				1BF9F4F315648B730015E004 /* DCItemView.h */,
				1BF9F4F415648B730015E004 /* DCItemView.m */,
				1BB122261569EB5300644586 /* DCItemPageScrollViewController.h */,
				1BB122271569EB5300644586 /* DCItemPageScrollViewController.m */,
			);
			name = ItemView;
			sourceTree = "<group>";
		};
		1BF9F4FE15648F6E0015E004 /* GroupView */ = {
			isa = PBXGroup;
			children = (
				1BBFAD881565241E00D5FC76 /* ALAsseetGroupView */,
				1BF9F5111564939C0015E004 /* DCGroupViewController.h */,
				1BF9F5121564939C0015E004 /* DCGroupViewController.m */,
				1BF9F5131564939C0015E004 /* DCGroupViewController.xib */,
				1BF9F50F1564939C0015E004 /* DCGroupViewCell.h */,
				1BF9F5101564939C0015E004 /* DCGroupViewCell.m */,
				1BF9F4FF15648F920015E004 /* DCGroupView.h */,
				1BF9F50015648F920015E004 /* DCGroupView.m */,
			);
			name = GroupView;
			sourceTree = "<group>";
		};
		1BFCE23215735A0800C07B87 /* ALAssertsLibrary */ = {
			isa = PBXGroup;
			children = (
				1BFCE23315735A0800C07B87 /* DCALAssetItem.h */,
				1BFCE23415735A0800C07B87 /* DCALAssetItem.m */,
				1BFCE23515735A0800C07B87 /* DCALAssetsGroup.h */,
				1BFCE23615735A0800C07B87 /* DCALAssetsGroup.m */,
				1BFCE23715735A0800C07B87 /* DCALAssetsLibrary.h */,
				1BFCE23815735A0800C07B87 /* DCALAssetsLibrary.m */,
				1BFCE23915735A0800C07B87 /* DCALAssetsLibraryHelper.h */,
				1BFCE23A15735A0800C07B87 /* DCALAssetsLibraryHelper.m */,
			);
			path = ALAssertsLibrary;
			sourceTree = "<group>";
		};
/* End PBXGroup section */

/* Begin PBXNativeTarget section */
		1BF9F4A8156483AE0015E004 /* AtomicArtist_Simulator */ = {
			isa = PBXNativeTarget;
			buildConfigurationList = 1BF9F4C1156483AE0015E004 /* Build configuration list for PBXNativeTarget "AtomicArtist_Simulator" */;
			buildPhases = (
				1BF9F4A5156483AE0015E004 /* Sources */,
				1BF9F4A6156483AE0015E004 /* Frameworks */,
				1BF9F4A7156483AE0015E004 /* Resources */,
			);
			buildRules = (
			);
			dependencies = (
			);
			name = AtomicArtist_Simulator;
			productName = AtomicArtist;
			productReference = 1BF9F4A9156483AE0015E004 /* AtomicArtist_Simulator.app */;
			productType = "com.apple.product-type.application";
		};
/* End PBXNativeTarget section */

/* Begin PBXProject section */
		1BF9F4A0156483AE0015E004 /* Project object */ = {
			isa = PBXProject;
			attributes = {
				CLASSPREFIX = DC;
				LastUpgradeCheck = 0430;
			};
			buildConfigurationList = 1BF9F4A3156483AE0015E004 /* Build configuration list for PBXProject "AtomicArtist" */;
			compatibilityVersion = "Xcode 3.2";
			developmentRegion = English;
			hasScannedForEncodings = 0;
			knownRegions = (
				en,
			);
			mainGroup = 1BF9F49E156483AE0015E004;
			productRefGroup = 1BF9F4AA156483AE0015E004 /* Products */;
			projectDirPath = "";
			projectRoot = "";
			targets = (
				1BF9F4A8156483AE0015E004 /* AtomicArtist_Simulator */,
			);
		};
/* End PBXProject section */

/* Begin PBXResourcesBuildPhase section */
		1BF9F4A7156483AE0015E004 /* Resources */ = {
			isa = PBXResourcesBuildPhase;
			buildActionMask = 2147483647;
			files = (
				1BF9F4B8156483AE0015E004 /* InfoPlist.strings in Resources */,
				1BF9F5161564939C0015E004 /* DCGroupViewController.xib in Resources */,
				1BF9F51E156493A50015E004 /* DCItemViewController.xib in Resources */,
				1B14209B1574ABD00058199E /* DCALAssetGroupViewNaviTitle.xib in Resources */,
			);
			runOnlyForDeploymentPostprocessing = 0;
		};
/* End PBXResourcesBuildPhase section */

/* Begin PBXSourcesBuildPhase section */
		1BF9F4A5156483AE0015E004 /* Sources */ = {
			isa = PBXSourcesBuildPhase;
			buildActionMask = 2147483647;
			files = (
				1BF9F4BA156483AE0015E004 /* main.m in Sources */,
				1BF9F4BE156483AE0015E004 /* DCAppDelegate.m in Sources */,
				1BF9F4CC156484160015E004 /* DCImageHelper.m in Sources */,
				1BF9F4D0156485730015E004 /* DCPageView.m in Sources */,
				1BF9F4D4156485C90015E004 /* DCPageScrollViewController.m in Sources */,
				1BF9F4D9156486910015E004 /* DCDetailViewController.m in Sources */,
				1BF9F4F515648B730015E004 /* DCItemView.m in Sources */,
				1BF9F50115648F920015E004 /* DCGroupView.m in Sources */,
				1BF9F5141564939C0015E004 /* DCGroupViewCell.m in Sources */,
				1BF9F5151564939C0015E004 /* DCGroupViewController.m in Sources */,
				1BF9F51C156493A50015E004 /* DCItemViewCell.m in Sources */,
				1BF9F51D156493A50015E004 /* DCItemViewController.m in Sources */,
				1BBFAD8C1565246500D5FC76 /* DCALAssetGroupViewController.m in Sources */,
				1BBFADA4156525B500D5FC76 /* AtomicArtistModel.xcdatamodeld in Sources */,
				1BBFADA5156525B500D5FC76 /* DCDataModelHelper.m in Sources */,
				1BBFADA6156525B500D5FC76 /* Group.m in Sources */,
				1BBFADA7156525B500D5FC76 /* Item.m in Sources */,
				1B8EFA601565DB5600E66552 /* DCUniformDataProtocol.m in Sources */,
				1BB122281569EB5300644586 /* DCItemPageScrollViewController.m in Sources */,
				1BBB2069156E2D09003BE51C /* DCDataLoader.m in Sources */,
				1BBB206A156E2D09003BE51C /* DCLoadThumbnailForALAssetItem.m in Sources */,
				1B8160FF156F17F400E40084 /* DCLoadThumbnailOperation.m in Sources */,
				1B816111156F563400E40084 /* DCLoadPosterImageForALAssetsGroup.m in Sources */,
				1B816115156F59BD00E40084 /* DCLoadPosterImageOperation.m in Sources */,
				1BFCE23B15735A0800C07B87 /* DCALAssetItem.m in Sources */,
				1BFCE23C15735A0800C07B87 /* DCALAssetsGroup.m in Sources */,
				1BFCE23D15735A0800C07B87 /* DCALAssetsLibrary.m in Sources */,
				1BFCE23E15735A0800C07B87 /* DCALAssetsLibraryHelper.m in Sources */,
				1B0537631588810C000C93F8 /* DCCreateGroupOperation.m in Sources */,
				1B0537641588810C000C93F8 /* DCCreateItemOperation.m in Sources */,
				1B0537651588810C000C93F8 /* DCDataModelCommonDefine.m in Sources */,
				1B0537661588810C000C93F8 /* DCDataModelOperation.m in Sources */,
				1B0537671588810C000C93F8 /* DCGetGroupOperation.m in Sources */,
				1B0537681588810C000C93F8 /* DCGetItemOperation.m in Sources */,
				1B0537691588810C000C93F8 /* DCSaveOperation.m in Sources */,
				1B05376A1588810C000C93F8 /* DCUpdateGroupOperation.m in Sources */,
				1B65666515A441E1000BF1BE /* DCViewCache.m in Sources */,
				1B65666615A441E1000BF1BE /* DCViewCacheOperation.m in Sources */,
				1B791D6815A541BE002CD1E5 /* DCBrower.m in Sources */,
			);
			runOnlyForDeploymentPostprocessing = 0;
		};
/* End PBXSourcesBuildPhase section */

/* Begin PBXVariantGroup section */
		1BF9F4B6156483AE0015E004 /* InfoPlist.strings */ = {
			isa = PBXVariantGroup;
			children = (
				1BF9F4B7156483AE0015E004 /* en */,
			);
			name = InfoPlist.strings;
			sourceTree = "<group>";
		};
/* End PBXVariantGroup section */

/* Begin XCBuildConfiguration section */
		1BF9F4BF156483AE0015E004 /* Debug */ = {
			isa = XCBuildConfiguration;
			buildSettings = {
				ALWAYS_SEARCH_USER_PATHS = NO;
				ARCHS = "$(ARCHS_STANDARD_32_BIT)";
				"CODE_SIGN_IDENTITY[sdk=iphoneos*]" = "iPhone Developer";
				COPY_PHASE_STRIP = NO;
				GCC_C_LANGUAGE_STANDARD = gnu99;
				GCC_DYNAMIC_NO_PIC = NO;
				GCC_OPTIMIZATION_LEVEL = 0;
				GCC_PREPROCESSOR_DEFINITIONS = (
					"DEBUG=1",
					"$(inherited)",
				);
				GCC_SYMBOLS_PRIVATE_EXTERN = NO;
				GCC_VERSION = com.apple.compilers.llvm.clang.1_0;
				GCC_WARN_ABOUT_RETURN_TYPE = YES;
				GCC_WARN_UNINITIALIZED_AUTOS = YES;
				GCC_WARN_UNUSED_VARIABLE = YES;
				IPHONEOS_DEPLOYMENT_TARGET = 5.1;
				SDKROOT = iphoneos;
				TARGETED_DEVICE_FAMILY = "1,2";
			};
			name = Debug;
		};
		1BF9F4C0156483AE0015E004 /* Release */ = {
			isa = XCBuildConfiguration;
			buildSettings = {
				ALWAYS_SEARCH_USER_PATHS = NO;
				ARCHS = "$(ARCHS_STANDARD_32_BIT)";
				"CODE_SIGN_IDENTITY[sdk=iphoneos*]" = "iPhone Developer";
				COPY_PHASE_STRIP = YES;
				GCC_C_LANGUAGE_STANDARD = gnu99;
				GCC_VERSION = com.apple.compilers.llvm.clang.1_0;
				GCC_WARN_ABOUT_RETURN_TYPE = YES;
				GCC_WARN_UNINITIALIZED_AUTOS = YES;
				GCC_WARN_UNUSED_VARIABLE = YES;
				IPHONEOS_DEPLOYMENT_TARGET = 5.1;
				OTHER_CFLAGS = "-DNS_BLOCK_ASSERTIONS=1";
				SDKROOT = iphoneos;
				TARGETED_DEVICE_FAMILY = "1,2";
				VALIDATE_PRODUCT = YES;
			};
			name = Release;
		};
		1BF9F4C2156483AE0015E004 /* Debug */ = {
			isa = XCBuildConfiguration;
			buildSettings = {
				GCC_PRECOMPILE_PREFIX_HEADER = YES;
				GCC_PREFIX_HEADER = "AtomicArtist/AtomicArtist-Prefix.pch";
				INFOPLIST_FILE = "AtomicArtist/AtomicArtist-Info.plist";
				IPHONEOS_DEPLOYMENT_TARGET = 4.3;
				PRODUCT_NAME = "$(TARGET_NAME)";
				WRAPPER_EXTENSION = app;
			};
			name = Debug;
		};
		1BF9F4C3156483AE0015E004 /* Release */ = {
			isa = XCBuildConfiguration;
			buildSettings = {
				GCC_PRECOMPILE_PREFIX_HEADER = YES;
				GCC_PREFIX_HEADER = "AtomicArtist/AtomicArtist-Prefix.pch";
				INFOPLIST_FILE = "AtomicArtist/AtomicArtist-Info.plist";
				IPHONEOS_DEPLOYMENT_TARGET = 4.3;
				PRODUCT_NAME = "$(TARGET_NAME)";
				WRAPPER_EXTENSION = app;
			};
			name = Release;
		};
/* End XCBuildConfiguration section */

/* Begin XCConfigurationList section */
		1BF9F4A3156483AE0015E004 /* Build configuration list for PBXProject "AtomicArtist" */ = {
			isa = XCConfigurationList;
			buildConfigurations = (
				1BF9F4BF156483AE0015E004 /* Debug */,
				1BF9F4C0156483AE0015E004 /* Release */,
			);
			defaultConfigurationIsVisible = 0;
			defaultConfigurationName = Release;
		};
		1BF9F4C1156483AE0015E004 /* Build configuration list for PBXNativeTarget "AtomicArtist_Simulator" */ = {
			isa = XCConfigurationList;
			buildConfigurations = (
				1BF9F4C2156483AE0015E004 /* Debug */,
				1BF9F4C3156483AE0015E004 /* Release */,
			);
			defaultConfigurationIsVisible = 0;
			defaultConfigurationName = Release;
		};
/* End XCConfigurationList section */

/* Begin XCVersionGroup section */
		1BBFAD9C156525B500D5FC76 /* AtomicArtistModel.xcdatamodeld */ = {
			isa = XCVersionGroup;
			children = (
				1BBFAD9D156525B500D5FC76 /* AtomicArtistModel.xcdatamodel */,
			);
			currentVersion = 1BBFAD9D156525B500D5FC76 /* AtomicArtistModel.xcdatamodel */;
			path = AtomicArtistModel.xcdatamodeld;
			sourceTree = "<group>";
			versionGroupType = wrapper.xcdatamodel;
		};
/* End XCVersionGroup section */
	};
	rootObject = 1BF9F4A0156483AE0015E004 /* Project object */;
}
