// !$*UTF8*$!
{
	archiveVersion = 1;
	classes = {
	};
	objectVersion = 46;
	objects = {

/* Begin PBXBuildFile section */
		1B0B2B8E169158AA00973B8D /* DCGroupViewController.m in Sources */ = {isa = PBXBuildFile; fileRef = 1B0B2B8C169158AA00973B8D /* DCGroupViewController.m */; };
		1BB8BB6E16746B2100CC150E /* Foundation.framework in Frameworks */ = {isa = PBXBuildFile; fileRef = 1BB8BB6D16746B2100CC150E /* Foundation.framework */; };
		1BB8BB7316746B2100CC150E /* Tourbillon.h in CopyFiles */ = {isa = PBXBuildFile; fileRef = 1BB8BB7216746B2100CC150E /* Tourbillon.h */; };
		1BB8BB7516746B2100CC150E /* Tourbillon.m in Sources */ = {isa = PBXBuildFile; fileRef = 1BB8BB7416746B2100CC150E /* Tourbillon.m */; };
		1BC99E9D168AC23500513F1A /* AssetsLibrary.framework in Frameworks */ = {isa = PBXBuildFile; fileRef = 1BC99E9C168AC23400513F1A /* AssetsLibrary.framework */; };
		1BC99E9F168AC32100513F1A /* UIKit.framework in Frameworks */ = {isa = PBXBuildFile; fileRef = 1BC99E9E168AC32100513F1A /* UIKit.framework */; };
		1BC99EA1168AC68600513F1A /* CoreGraphics.framework in Frameworks */ = {isa = PBXBuildFile; fileRef = 1BC99EA0168AC68600513F1A /* CoreGraphics.framework */; };
		1BC99EA3168AC68D00513F1A /* QuartzCore.framework in Frameworks */ = {isa = PBXBuildFile; fileRef = 1BC99EA2168AC68D00513F1A /* QuartzCore.framework */; };
		1BC99EAA168ACC4600513F1A /* DCImageHelper.m in Sources */ = {isa = PBXBuildFile; fileRef = 1BC99EA9168ACC4600513F1A /* DCImageHelper.m */; };
		1BC99EAC168ACC6500513F1A /* ImageIO.framework in Frameworks */ = {isa = PBXBuildFile; fileRef = 1BC99EAB168ACC6500513F1A /* ImageIO.framework */; };
/* End PBXBuildFile section */

/* Begin PBXCopyFilesBuildPhase section */
		1BB8BB6816746B2100CC150E /* CopyFiles */ = {
			isa = PBXCopyFilesBuildPhase;
			buildActionMask = 2147483647;
			dstPath = "include/${PRODUCT_NAME}";
			dstSubfolderSpec = 16;
			files = (
				1BB8BB7316746B2100CC150E /* Tourbillon.h in CopyFiles */,
			);
			runOnlyForDeploymentPostprocessing = 0;
		};
/* End PBXCopyFilesBuildPhase section */

/* Begin PBXFileReference section */
		1B0B2B8B169158AA00973B8D /* DCGroupViewController.h */ = {isa = PBXFileReference; fileEncoding = 4; lastKnownFileType = sourcecode.c.h; path = DCGroupViewController.h; sourceTree = "<group>"; };
		1B0B2B8C169158AA00973B8D /* DCGroupViewController.m */ = {isa = PBXFileReference; fileEncoding = 4; lastKnownFileType = sourcecode.c.objc; path = DCGroupViewController.m; sourceTree = "<group>"; };
		1B0B2B8D169158AA00973B8D /* DCGroupViewController.xib */ = {isa = PBXFileReference; fileEncoding = 4; lastKnownFileType = file.xib; path = DCGroupViewController.xib; sourceTree = "<group>"; };
		1BB8BB6A16746B2100CC150E /* libTourbillon.a */ = {isa = PBXFileReference; explicitFileType = archive.ar; includeInIndex = 0; path = libTourbillon.a; sourceTree = BUILT_PRODUCTS_DIR; };
		1BB8BB6D16746B2100CC150E /* Foundation.framework */ = {isa = PBXFileReference; lastKnownFileType = wrapper.framework; name = Foundation.framework; path = System/Library/Frameworks/Foundation.framework; sourceTree = SDKROOT; };
		1BB8BB7116746B2100CC150E /* Tourbillon-Prefix.pch */ = {isa = PBXFileReference; lastKnownFileType = sourcecode.c.h; path = "Tourbillon-Prefix.pch"; sourceTree = "<group>"; };
		1BB8BB7216746B2100CC150E /* Tourbillon.h */ = {isa = PBXFileReference; lastKnownFileType = sourcecode.c.h; path = Tourbillon.h; sourceTree = "<group>"; };
		1BB8BB7416746B2100CC150E /* Tourbillon.m */ = {isa = PBXFileReference; lastKnownFileType = sourcecode.c.objc; path = Tourbillon.m; sourceTree = "<group>"; };
		1BB8BBA716746E8200CC150E /* README.md */ = {isa = PBXFileReference; fileEncoding = 4; lastKnownFileType = text; path = README.md; sourceTree = "<group>"; };
		1BC99E9C168AC23400513F1A /* AssetsLibrary.framework */ = {isa = PBXFileReference; lastKnownFileType = wrapper.framework; name = AssetsLibrary.framework; path = System/Library/Frameworks/AssetsLibrary.framework; sourceTree = SDKROOT; };
		1BC99E9E168AC32100513F1A /* UIKit.framework */ = {isa = PBXFileReference; lastKnownFileType = wrapper.framework; name = UIKit.framework; path = System/Library/Frameworks/UIKit.framework; sourceTree = SDKROOT; };
		1BC99EA0168AC68600513F1A /* CoreGraphics.framework */ = {isa = PBXFileReference; lastKnownFileType = wrapper.framework; name = CoreGraphics.framework; path = System/Library/Frameworks/CoreGraphics.framework; sourceTree = SDKROOT; };
		1BC99EA2168AC68D00513F1A /* QuartzCore.framework */ = {isa = PBXFileReference; lastKnownFileType = wrapper.framework; name = QuartzCore.framework; path = System/Library/Frameworks/QuartzCore.framework; sourceTree = SDKROOT; };
		1BC99EA8168ACC4600513F1A /* DCImageHelper.h */ = {isa = PBXFileReference; fileEncoding = 4; lastKnownFileType = sourcecode.c.h; name = DCImageHelper.h; path = ../../Common/DCImageHelper.h; sourceTree = "<group>"; };
		1BC99EA9168ACC4600513F1A /* DCImageHelper.m */ = {isa = PBXFileReference; fileEncoding = 4; lastKnownFileType = sourcecode.c.objc; name = DCImageHelper.m; path = ../../Common/DCImageHelper.m; sourceTree = "<group>"; };
		1BC99EAB168ACC6500513F1A /* ImageIO.framework */ = {isa = PBXFileReference; lastKnownFileType = wrapper.framework; name = ImageIO.framework; path = System/Library/Frameworks/ImageIO.framework; sourceTree = SDKROOT; };
/* End PBXFileReference section */

/* Begin PBXFrameworksBuildPhase section */
		1BB8BB6716746B2100CC150E /* Frameworks */ = {
			isa = PBXFrameworksBuildPhase;
			buildActionMask = 2147483647;
			files = (
				1BC99EAC168ACC6500513F1A /* ImageIO.framework in Frameworks */,
				1BC99EA3168AC68D00513F1A /* QuartzCore.framework in Frameworks */,
				1BC99EA1168AC68600513F1A /* CoreGraphics.framework in Frameworks */,
				1BC99E9F168AC32100513F1A /* UIKit.framework in Frameworks */,
				1BC99E9D168AC23500513F1A /* AssetsLibrary.framework in Frameworks */,
				1BB8BB6E16746B2100CC150E /* Foundation.framework in Frameworks */,
			);
			runOnlyForDeploymentPostprocessing = 0;
		};
/* End PBXFrameworksBuildPhase section */

/* Begin PBXGroup section */
		1B0B2B881691589C00973B8D /* GroupViewCtrl */ = {
			isa = PBXGroup;
			children = (
				1B0B2B8B169158AA00973B8D /* DCGroupViewController.h */,
				1B0B2B8C169158AA00973B8D /* DCGroupViewController.m */,
				1B0B2B8D169158AA00973B8D /* DCGroupViewController.xib */,
			);
			path = GroupViewCtrl;
			sourceTree = "<group>";
		};
		1B0B2B891691589C00973B8D /* ItemViewCtrl */ = {
			isa = PBXGroup;
			children = (
			);
			path = ItemViewCtrl;
			sourceTree = "<group>";
		};
		1B0B2B8A1691589C00973B8D /* MediaPocketViewCtrl */ = {
			isa = PBXGroup;
			children = (
			);
			path = MediaPocketViewCtrl;
			sourceTree = "<group>";
		};
		1BB8BB5F16746B2100CC150E = {
			isa = PBXGroup;
			children = (
				1BB8BBA716746E8200CC150E /* README.md */,
				1BB8BB6F16746B2100CC150E /* Tourbillon */,
				1BB8BB6C16746B2100CC150E /* Frameworks */,
				1BB8BB6B16746B2100CC150E /* Products */,
			);
			sourceTree = "<group>";
		};
		1BB8BB6B16746B2100CC150E /* Products */ = {
			isa = PBXGroup;
			children = (
				1BB8BB6A16746B2100CC150E /* libTourbillon.a */,
			);
			name = Products;
			sourceTree = "<group>";
		};
		1BB8BB6C16746B2100CC150E /* Frameworks */ = {
			isa = PBXGroup;
			children = (
				1BC99EAB168ACC6500513F1A /* ImageIO.framework */,
				1BC99EA2168AC68D00513F1A /* QuartzCore.framework */,
				1BC99EA0168AC68600513F1A /* CoreGraphics.framework */,
				1BC99E9E168AC32100513F1A /* UIKit.framework */,
				1BC99E9C168AC23400513F1A /* AssetsLibrary.framework */,
				1BB8BB6D16746B2100CC150E /* Foundation.framework */,
			);
			name = Frameworks;
			sourceTree = "<group>";
		};
		1BB8BB6F16746B2100CC150E /* Tourbillon */ = {
			isa = PBXGroup;
			children = (
				1B0B2B881691589C00973B8D /* GroupViewCtrl */,
				1B0B2B891691589C00973B8D /* ItemViewCtrl */,
				1B0B2B8A1691589C00973B8D /* MediaPocketViewCtrl */,
				1BC99EA8168ACC4600513F1A /* DCImageHelper.h */,
				1BC99EA9168ACC4600513F1A /* DCImageHelper.m */,
				1BB8BB7216746B2100CC150E /* Tourbillon.h */,
				1BB8BB7416746B2100CC150E /* Tourbillon.m */,
				1BB8BB7016746B2100CC150E /* Supporting Files */,
			);
			path = Tourbillon;
			sourceTree = "<group>";
		};
		1BB8BB7016746B2100CC150E /* Supporting Files */ = {
			isa = PBXGroup;
			children = (
				1BB8BB7116746B2100CC150E /* Tourbillon-Prefix.pch */,
			);
			name = "Supporting Files";
			sourceTree = "<group>";
		};
/* End PBXGroup section */

/* Begin PBXNativeTarget section */
		1BB8BB6916746B2100CC150E /* Tourbillon */ = {
			isa = PBXNativeTarget;
			buildConfigurationList = 1BB8BB7816746B2100CC150E /* Build configuration list for PBXNativeTarget "Tourbillon" */;
			buildPhases = (
				1BB8BB6616746B2100CC150E /* Sources */,
				1BB8BB6716746B2100CC150E /* Frameworks */,
				1BB8BB6816746B2100CC150E /* CopyFiles */,
			);
			buildRules = (
			);
			dependencies = (
			);
			name = Tourbillon;
			productName = Tourbillon;
			productReference = 1BB8BB6A16746B2100CC150E /* libTourbillon.a */;
			productType = "com.apple.product-type.library.static";
		};
/* End PBXNativeTarget section */

/* Begin PBXProject section */
		1BB8BB6116746B2100CC150E /* Project object */ = {
			isa = PBXProject;
			attributes = {
				LastUpgradeCheck = 0450;
				ORGANIZATIONNAME = "Chen XiaoLiang";
			};
			buildConfigurationList = 1BB8BB6416746B2100CC150E /* Build configuration list for PBXProject "Tourbillon" */;
			compatibilityVersion = "Xcode 3.2";
			developmentRegion = English;
			hasScannedForEncodings = 0;
			knownRegions = (
				en,
			);
			mainGroup = 1BB8BB5F16746B2100CC150E;
			productRefGroup = 1BB8BB6B16746B2100CC150E /* Products */;
			projectDirPath = "";
			projectRoot = "";
			targets = (
				1BB8BB6916746B2100CC150E /* Tourbillon */,
			);
		};
/* End PBXProject section */

/* Begin PBXSourcesBuildPhase section */
		1BB8BB6616746B2100CC150E /* Sources */ = {
			isa = PBXSourcesBuildPhase;
			buildActionMask = 2147483647;
			files = (
				1BB8BB7516746B2100CC150E /* Tourbillon.m in Sources */,
				1BC99EAA168ACC4600513F1A /* DCImageHelper.m in Sources */,
				1B0B2B8E169158AA00973B8D /* DCGroupViewController.m in Sources */,
			);
			runOnlyForDeploymentPostprocessing = 0;
		};
/* End PBXSourcesBuildPhase section */

/* Begin XCBuildConfiguration section */
		1BB8BB7616746B2100CC150E /* Debug */ = {
			isa = XCBuildConfiguration;
			buildSettings = {
				ALWAYS_SEARCH_USER_PATHS = NO;
				CLANG_CXX_LANGUAGE_STANDARD = "gnu++0x";
				CLANG_CXX_LIBRARY = "libc++";
				CLANG_ENABLE_OBJC_ARC = YES;
				CLANG_WARN_EMPTY_BODY = YES;
				CLANG_WARN__DUPLICATE_METHOD_MATCH = YES;
				COPY_PHASE_STRIP = NO;
				GCC_C_LANGUAGE_STANDARD = gnu99;
				GCC_DYNAMIC_NO_PIC = NO;
				GCC_OPTIMIZATION_LEVEL = 0;
				GCC_PREPROCESSOR_DEFINITIONS = (
					"DEBUG=1",
					"$(inherited)",
				);
				GCC_SYMBOLS_PRIVATE_EXTERN = NO;
				GCC_WARN_ABOUT_RETURN_TYPE = YES;
				GCC_WARN_UNINITIALIZED_AUTOS = YES;
				GCC_WARN_UNUSED_VARIABLE = YES;
				HEADER_SEARCH_PATHS = "$(SRCROOT)/../Common/**";
				IPHONEOS_DEPLOYMENT_TARGET = 6.0;
				ONLY_ACTIVE_ARCH = YES;
				SDKROOT = iphoneos;
			};
			name = Debug;
		};
		1BB8BB7716746B2100CC150E /* Release */ = {
			isa = XCBuildConfiguration;
			buildSettings = {
				ALWAYS_SEARCH_USER_PATHS = NO;
				CLANG_CXX_LANGUAGE_STANDARD = "gnu++0x";
				CLANG_CXX_LIBRARY = "libc++";
				CLANG_ENABLE_OBJC_ARC = YES;
				CLANG_WARN_EMPTY_BODY = YES;
				CLANG_WARN__DUPLICATE_METHOD_MATCH = YES;
				COPY_PHASE_STRIP = YES;
				GCC_C_LANGUAGE_STANDARD = gnu99;
				GCC_WARN_ABOUT_RETURN_TYPE = YES;
				GCC_WARN_UNINITIALIZED_AUTOS = YES;
				GCC_WARN_UNUSED_VARIABLE = YES;
				HEADER_SEARCH_PATHS = "$(SRCROOT)/../Common/**";
				IPHONEOS_DEPLOYMENT_TARGET = 6.0;
				SDKROOT = iphoneos;
				VALIDATE_PRODUCT = YES;
			};
			name = Release;
		};
		1BB8BB7916746B2100CC150E /* Debug */ = {
			isa = XCBuildConfiguration;
			buildSettings = {
				DSTROOT = /tmp/Tourbillon.dst;
				GCC_PRECOMPILE_PREFIX_HEADER = YES;
				GCC_PREFIX_HEADER = "Tourbillon/Tourbillon-Prefix.pch";
				OTHER_LDFLAGS = "-ObjC";
				PRODUCT_NAME = "$(TARGET_NAME)";
				SKIP_INSTALL = YES;
			};
			name = Debug;
		};
		1BB8BB7A16746B2100CC150E /* Release */ = {
			isa = XCBuildConfiguration;
			buildSettings = {
				DSTROOT = /tmp/Tourbillon.dst;
				GCC_PRECOMPILE_PREFIX_HEADER = YES;
				GCC_PREFIX_HEADER = "Tourbillon/Tourbillon-Prefix.pch";
				OTHER_LDFLAGS = "-ObjC";
				PRODUCT_NAME = "$(TARGET_NAME)";
				SKIP_INSTALL = YES;
			};
			name = Release;
		};
/* End XCBuildConfiguration section */

/* Begin XCConfigurationList section */
		1BB8BB6416746B2100CC150E /* Build configuration list for PBXProject "Tourbillon" */ = {
			isa = XCConfigurationList;
			buildConfigurations = (
				1BB8BB7616746B2100CC150E /* Debug */,
				1BB8BB7716746B2100CC150E /* Release */,
			);
			defaultConfigurationIsVisible = 0;
			defaultConfigurationName = Release;
		};
		1BB8BB7816746B2100CC150E /* Build configuration list for PBXNativeTarget "Tourbillon" */ = {
			isa = XCConfigurationList;
			buildConfigurations = (
				1BB8BB7916746B2100CC150E /* Debug */,
				1BB8BB7A16746B2100CC150E /* Release */,
			);
			defaultConfigurationIsVisible = 0;
			defaultConfigurationName = Release;
		};
/* End XCConfigurationList section */
	};
	rootObject = 1BB8BB6116746B2100CC150E /* Project object */;
}
