// !$*UTF8*$!
{
	archiveVersion = 1;
	classes = {
	};
	objectVersion = 46;
	objects = {

/* Begin PBXBuildFile section */
		1B01683D169BB66400E7291A /* Foundation.framework in Frameworks */ = {isa = PBXBuildFile; fileRef = 1B01683C169BB66400E7291A /* Foundation.framework */; };
		1B01685B169BBE6700E7291A /* QuartzCore.framework in Frameworks */ = {isa = PBXBuildFile; fileRef = 1B01685A169BBE6700E7291A /* QuartzCore.framework */; };
		1BBEDAAD169D4CE300B4323B /* DCPullReleaseView.m in Sources */ = {isa = PBXBuildFile; fileRef = 1BBEDAAC169D4CE300B4323B /* DCPullReleaseView.m */; };
		1BBEDAAF169D50CB00B4323B /* DCPullReleaseView.h in CopyFiles */ = {isa = PBXBuildFile; fileRef = 1BBEDAAB169D4CE300B4323B /* DCPullReleaseView.h */; };
		1BE6DF4D169E691B0063C01C /* DCHeaderActionView.m in Sources */ = {isa = PBXBuildFile; fileRef = 1BE6DF4C169E691B0063C01C /* DCHeaderActionView.m */; };
		1BE6DF50169E695F0063C01C /* DCFooterActionView.m in Sources */ = {isa = PBXBuildFile; fileRef = 1BE6DF4F169E695F0063C01C /* DCFooterActionView.m */; };
		1BE6DF51169E6A370063C01C /* DCHeaderActionView.h in CopyFiles */ = {isa = PBXBuildFile; fileRef = 1BE6DF4B169E691B0063C01C /* DCHeaderActionView.h */; };
		1BE6DF52169E6A3C0063C01C /* DCFooterActionView.h in CopyFiles */ = {isa = PBXBuildFile; fileRef = 1BE6DF4E169E695F0063C01C /* DCFooterActionView.h */; };
/* End PBXBuildFile section */

/* Begin PBXCopyFilesBuildPhase section */
		1B016837169BB66400E7291A /* CopyFiles */ = {
			isa = PBXCopyFilesBuildPhase;
			buildActionMask = 2147483647;
			dstPath = "include/${PRODUCT_NAME}";
			dstSubfolderSpec = 16;
			files = (
				1BE6DF52169E6A3C0063C01C /* DCFooterActionView.h in CopyFiles */,
				1BE6DF51169E6A370063C01C /* DCHeaderActionView.h in CopyFiles */,
				1BBEDAAF169D50CB00B4323B /* DCPullReleaseView.h in CopyFiles */,
			);
			runOnlyForDeploymentPostprocessing = 0;
		};
/* End PBXCopyFilesBuildPhase section */

/* Begin PBXFileReference section */
		1B016839169BB66400E7291A /* libAres.a */ = {isa = PBXFileReference; explicitFileType = archive.ar; includeInIndex = 0; path = libAres.a; sourceTree = BUILT_PRODUCTS_DIR; };
		1B01683C169BB66400E7291A /* Foundation.framework */ = {isa = PBXFileReference; lastKnownFileType = wrapper.framework; name = Foundation.framework; path = System/Library/Frameworks/Foundation.framework; sourceTree = SDKROOT; };
		1B016840169BB66400E7291A /* Ares-Prefix.pch */ = {isa = PBXFileReference; lastKnownFileType = sourcecode.c.h; path = "Ares-Prefix.pch"; sourceTree = "<group>"; };
		1B01685A169BBE6700E7291A /* QuartzCore.framework */ = {isa = PBXFileReference; lastKnownFileType = wrapper.framework; name = QuartzCore.framework; path = System/Library/Frameworks/QuartzCore.framework; sourceTree = SDKROOT; };
		1B01685D169BC16900E7291A /* grayArrow.png */ = {isa = PBXFileReference; lastKnownFileType = image.png; path = grayArrow.png; sourceTree = "<group>"; };
		1B01685E169BC16900E7291A /* grayArrow@2x.png */ = {isa = PBXFileReference; lastKnownFileType = image.png; path = "grayArrow@2x.png"; sourceTree = "<group>"; };
		1B01685F169BC16900E7291A /* blackArrow.png */ = {isa = PBXFileReference; lastKnownFileType = image.png; path = blackArrow.png; sourceTree = "<group>"; };
		1B016860169BC16900E7291A /* blackArrow@2x.png */ = {isa = PBXFileReference; lastKnownFileType = image.png; path = "blackArrow@2x.png"; sourceTree = "<group>"; };
		1B016861169BC16900E7291A /* blueArrow.png */ = {isa = PBXFileReference; lastKnownFileType = image.png; path = blueArrow.png; sourceTree = "<group>"; };
		1B016862169BC16900E7291A /* blueArrow@2x.png */ = {isa = PBXFileReference; lastKnownFileType = image.png; path = "blueArrow@2x.png"; sourceTree = "<group>"; };
		1B016863169BC16900E7291A /* whiteArrow.png */ = {isa = PBXFileReference; lastKnownFileType = image.png; path = whiteArrow.png; sourceTree = "<group>"; };
		1B016864169BC16900E7291A /* whiteArrow@2x.png */ = {isa = PBXFileReference; lastKnownFileType = image.png; path = "whiteArrow@2x.png"; sourceTree = "<group>"; };
		1BBEDAAB169D4CE300B4323B /* DCPullReleaseView.h */ = {isa = PBXFileReference; fileEncoding = 4; lastKnownFileType = sourcecode.c.h; path = DCPullReleaseView.h; sourceTree = "<group>"; };
		1BBEDAAC169D4CE300B4323B /* DCPullReleaseView.m */ = {isa = PBXFileReference; fileEncoding = 4; lastKnownFileType = sourcecode.c.objc; path = DCPullReleaseView.m; sourceTree = "<group>"; };
		1BDD9D7516A6ABF1006B31CC /* README.md */ = {isa = PBXFileReference; fileEncoding = 4; lastKnownFileType = text; path = README.md; sourceTree = SOURCE_ROOT; };
		1BE6DF4B169E691B0063C01C /* DCHeaderActionView.h */ = {isa = PBXFileReference; fileEncoding = 4; lastKnownFileType = sourcecode.c.h; path = DCHeaderActionView.h; sourceTree = "<group>"; };
		1BE6DF4C169E691B0063C01C /* DCHeaderActionView.m */ = {isa = PBXFileReference; fileEncoding = 4; lastKnownFileType = sourcecode.c.objc; path = DCHeaderActionView.m; sourceTree = "<group>"; };
		1BE6DF4E169E695F0063C01C /* DCFooterActionView.h */ = {isa = PBXFileReference; fileEncoding = 4; lastKnownFileType = sourcecode.c.h; path = DCFooterActionView.h; sourceTree = "<group>"; };
		1BE6DF4F169E695F0063C01C /* DCFooterActionView.m */ = {isa = PBXFileReference; fileEncoding = 4; lastKnownFileType = sourcecode.c.objc; path = DCFooterActionView.m; sourceTree = "<group>"; };
/* End PBXFileReference section */

/* Begin PBXFrameworksBuildPhase section */
		1B016836169BB66400E7291A /* Frameworks */ = {
			isa = PBXFrameworksBuildPhase;
			buildActionMask = 2147483647;
			files = (
				1B01685B169BBE6700E7291A /* QuartzCore.framework in Frameworks */,
				1B01683D169BB66400E7291A /* Foundation.framework in Frameworks */,
			);
			runOnlyForDeploymentPostprocessing = 0;
		};
/* End PBXFrameworksBuildPhase section */

/* Begin PBXGroup section */
		1B01682E169BB66400E7291A = {
			isa = PBXGroup;
			children = (
				1B01683E169BB66400E7291A /* Ares */,
				1B01683B169BB66400E7291A /* Frameworks */,
				1B01683A169BB66400E7291A /* Products */,
			);
			sourceTree = "<group>";
		};
		1B01683A169BB66400E7291A /* Products */ = {
			isa = PBXGroup;
			children = (
				1B016839169BB66400E7291A /* libAres.a */,
			);
			name = Products;
			sourceTree = "<group>";
		};
		1B01683B169BB66400E7291A /* Frameworks */ = {
			isa = PBXGroup;
			children = (
				1B01685A169BBE6700E7291A /* QuartzCore.framework */,
				1B01683C169BB66400E7291A /* Foundation.framework */,
			);
			name = Frameworks;
			sourceTree = "<group>";
		};
		1B01683E169BB66400E7291A /* Ares */ = {
			isa = PBXGroup;
			children = (
				1B01683F169BB66400E7291A /* Supporting Files */,
				1BBEDAAB169D4CE300B4323B /* DCPullReleaseView.h */,
				1BBEDAAC169D4CE300B4323B /* DCPullReleaseView.m */,
				1BE6DF4B169E691B0063C01C /* DCHeaderActionView.h */,
				1BE6DF4C169E691B0063C01C /* DCHeaderActionView.m */,
				1BE6DF4E169E695F0063C01C /* DCFooterActionView.h */,
				1BE6DF4F169E695F0063C01C /* DCFooterActionView.m */,
			);
			path = Ares;
			sourceTree = "<group>";
		};
		1B01683F169BB66400E7291A /* Supporting Files */ = {
			isa = PBXGroup;
			children = (
				1BDD9D7516A6ABF1006B31CC /* README.md */,
				1B01685D169BC16900E7291A /* grayArrow.png */,
				1B01685E169BC16900E7291A /* grayArrow@2x.png */,
				1B01685F169BC16900E7291A /* blackArrow.png */,
				1B016860169BC16900E7291A /* blackArrow@2x.png */,
				1B016861169BC16900E7291A /* blueArrow.png */,
				1B016862169BC16900E7291A /* blueArrow@2x.png */,
				1B016863169BC16900E7291A /* whiteArrow.png */,
				1B016864169BC16900E7291A /* whiteArrow@2x.png */,
				1B016840169BB66400E7291A /* Ares-Prefix.pch */,
			);
			name = "Supporting Files";
			sourceTree = "<group>";
		};
/* End PBXGroup section */

/* Begin PBXNativeTarget section */
		1B016838169BB66400E7291A /* Ares */ = {
			isa = PBXNativeTarget;
			buildConfigurationList = 1B016847169BB66400E7291A /* Build configuration list for PBXNativeTarget "Ares" */;
			buildPhases = (
				1B016835169BB66400E7291A /* Sources */,
				1B016836169BB66400E7291A /* Frameworks */,
				1B016837169BB66400E7291A /* CopyFiles */,
			);
			buildRules = (
			);
			dependencies = (
			);
			name = Ares;
			productName = Ares;
			productReference = 1B016839169BB66400E7291A /* libAres.a */;
			productType = "com.apple.product-type.library.static";
		};
/* End PBXNativeTarget section */

/* Begin PBXProject section */
		1B016830169BB66400E7291A /* Project object */ = {
			isa = PBXProject;
			attributes = {
				LastUpgradeCheck = 0450;
				ORGANIZATIONNAME = "Chen XiaoLiang";
			};
			buildConfigurationList = 1B016833169BB66400E7291A /* Build configuration list for PBXProject "Ares" */;
			compatibilityVersion = "Xcode 3.2";
			developmentRegion = English;
			hasScannedForEncodings = 0;
			knownRegions = (
				en,
			);
			mainGroup = 1B01682E169BB66400E7291A;
			productRefGroup = 1B01683A169BB66400E7291A /* Products */;
			projectDirPath = "";
			projectRoot = "";
			targets = (
				1B016838169BB66400E7291A /* Ares */,
			);
		};
/* End PBXProject section */

/* Begin PBXSourcesBuildPhase section */
		1B016835169BB66400E7291A /* Sources */ = {
			isa = PBXSourcesBuildPhase;
			buildActionMask = 2147483647;
			files = (
				1BBEDAAD169D4CE300B4323B /* DCPullReleaseView.m in Sources */,
				1BE6DF4D169E691B0063C01C /* DCHeaderActionView.m in Sources */,
				1BE6DF50169E695F0063C01C /* DCFooterActionView.m in Sources */,
			);
			runOnlyForDeploymentPostprocessing = 0;
		};
/* End PBXSourcesBuildPhase section */

/* Begin XCBuildConfiguration section */
		1B016845169BB66400E7291A /* Debug */ = {
			isa = XCBuildConfiguration;
			buildSettings = {
				ALWAYS_SEARCH_USER_PATHS = NO;
				CLANG_CXX_LANGUAGE_STANDARD = "gnu++0x";
				CLANG_CXX_LIBRARY = "libc++";
				CLANG_ENABLE_OBJC_ARC = YES;
				CLANG_WARN_EMPTY_BODY = YES;
				CLANG_WARN__DUPLICATE_METHOD_MATCH = YES;
				COPY_PHASE_STRIP = NO;
				GCC_C_LANGUAGE_STANDARD = gnu99;
				GCC_DYNAMIC_NO_PIC = NO;
				GCC_OPTIMIZATION_LEVEL = 0;
				GCC_PREPROCESSOR_DEFINITIONS = (
					"DEBUG=1",
					"$(inherited)",
				);
				GCC_SYMBOLS_PRIVATE_EXTERN = NO;
				GCC_WARN_ABOUT_RETURN_TYPE = YES;
				GCC_WARN_UNINITIALIZED_AUTOS = YES;
				GCC_WARN_UNUSED_VARIABLE = YES;
				IPHONEOS_DEPLOYMENT_TARGET = 6.0;
				ONLY_ACTIVE_ARCH = YES;
				SDKROOT = iphoneos;
			};
			name = Debug;
		};
		1B016846169BB66400E7291A /* Release */ = {
			isa = XCBuildConfiguration;
			buildSettings = {
				ALWAYS_SEARCH_USER_PATHS = NO;
				CLANG_CXX_LANGUAGE_STANDARD = "gnu++0x";
				CLANG_CXX_LIBRARY = "libc++";
				CLANG_ENABLE_OBJC_ARC = YES;
				CLANG_WARN_EMPTY_BODY = YES;
				CLANG_WARN__DUPLICATE_METHOD_MATCH = YES;
				COPY_PHASE_STRIP = YES;
				GCC_C_LANGUAGE_STANDARD = gnu99;
				GCC_WARN_ABOUT_RETURN_TYPE = YES;
				GCC_WARN_UNINITIALIZED_AUTOS = YES;
				GCC_WARN_UNUSED_VARIABLE = YES;
				IPHONEOS_DEPLOYMENT_TARGET = 6.0;
				SDKROOT = iphoneos;
				VALIDATE_PRODUCT = YES;
			};
			name = Release;
		};
		1B016848169BB66400E7291A /* Debug */ = {
			isa = XCBuildConfiguration;
			buildSettings = {
				CONFIGURATION_BUILD_DIR = "$(SRCROOT)/../Common/$(CONFIGURATION)$(EFFECTIVE_PLATFORM_NAME)";
				DSTROOT = /tmp/Ares.dst;
				GCC_PRECOMPILE_PREFIX_HEADER = YES;
				GCC_PREFIX_HEADER = "Ares/Ares-Prefix.pch";
				HEADER_SEARCH_PATHS = "$(SRCROOT)/../Common/**";
				IPHONEOS_DEPLOYMENT_TARGET = 5.0;
				LIBRARY_SEARCH_PATHS = "$(SRCROOT)/../Common/**";
				OTHER_LDFLAGS = "-ObjC";
				PRODUCT_NAME = "$(TARGET_NAME)";
				PUBLIC_HEADERS_FOLDER_PATH = "$(SRCROOT)/../Common/include";
				SKIP_INSTALL = YES;
			};
			name = Debug;
		};
		1B016849169BB66400E7291A /* Release */ = {
			isa = XCBuildConfiguration;
			buildSettings = {
				CONFIGURATION_BUILD_DIR = "$(SRCROOT)/../Common/$(CONFIGURATION)$(EFFECTIVE_PLATFORM_NAME)";
				DSTROOT = /tmp/Ares.dst;
				GCC_PRECOMPILE_PREFIX_HEADER = YES;
				GCC_PREFIX_HEADER = "Ares/Ares-Prefix.pch";
				HEADER_SEARCH_PATHS = "$(SRCROOT)/../Common/**";
				IPHONEOS_DEPLOYMENT_TARGET = 5.0;
				LIBRARY_SEARCH_PATHS = "$(SRCROOT)/../Common/**";
				OTHER_LDFLAGS = "-ObjC";
				PRODUCT_NAME = "$(TARGET_NAME)";
				PUBLIC_HEADERS_FOLDER_PATH = "$(SRCROOT)/../Common/include";
				SKIP_INSTALL = YES;
			};
			name = Release;
		};
/* End XCBuildConfiguration section */

/* Begin XCConfigurationList section */
		1B016833169BB66400E7291A /* Build configuration list for PBXProject "Ares" */ = {
			isa = XCConfigurationList;
			buildConfigurations = (
				1B016845169BB66400E7291A /* Debug */,
				1B016846169BB66400E7291A /* Release */,
			);
			defaultConfigurationIsVisible = 0;
			defaultConfigurationName = Release;
		};
		1B016847169BB66400E7291A /* Build configuration list for PBXNativeTarget "Ares" */ = {
			isa = XCConfigurationList;
			buildConfigurations = (
				1B016848169BB66400E7291A /* Debug */,
				1B016849169BB66400E7291A /* Release */,
			);
			defaultConfigurationIsVisible = 0;
			defaultConfigurationName = Release;
		};
/* End XCConfigurationList section */
	};
	rootObject = 1B016830169BB66400E7291A /* Project object */;
}
