// !$*UTF8*$!
{
	archiveVersion = 1;
	classes = {
	};
	objectVersion = 46;
	objects = {

/* Begin PBXBuildFile section */
		1B55A7DA16B61420004FF438 /* DCLocalImageLoader.m in Sources */ = {isa = PBXBuildFile; fileRef = 1B55A7D916B61420004FF438 /* DCLocalImageLoader.m */; };
		1B88584816B665870082F06C /* DCAssetsLibAgent.h in CopyFiles */ = {isa = PBXBuildFile; fileRef = 1BDCDB0C16B2136600EF7BEA /* DCAssetsLibAgent.h */; };
		1B88584916B665870082F06C /* DCLoaderWorkshop.h in CopyFiles */ = {isa = PBXBuildFile; fileRef = 1BDCD98A16B0C63300222E08 /* DCLoaderWorkshop.h */; };
		1B88584A16B665870082F06C /* DCRevokableLoader.h in CopyFiles */ = {isa = PBXBuildFile; fileRef = 1BDCD98C16B0C63300222E08 /* DCRevokableLoader.h */; };
		1B88584B16B665870082F06C /* DCWebImageLoader.h in CopyFiles */ = {isa = PBXBuildFile; fileRef = 1BDCD98E16B0C63300222E08 /* DCWebImageLoader.h */; };
		1B88584C16B665870082F06C /* DCLocalImageLoader.h in CopyFiles */ = {isa = PBXBuildFile; fileRef = 1B55A7D816B61420004FF438 /* DCLocalImageLoader.h */; };
		1B88585D16B6679E0082F06C /* DCImageHelper.m in Sources */ = {isa = PBXBuildFile; fileRef = 1B88585C16B6679E0082F06C /* DCImageHelper.m */; };
		1B88586516B66A670082F06C /* Item.h in CopyFiles */ = {isa = PBXBuildFile; fileRef = 1BCC890B16AF709100852851 /* Item.h */; };
		1B88586A16B66C770082F06C /* DCMediaPocketDataItem.m in Sources */ = {isa = PBXBuildFile; fileRef = 1B88586916B66C770082F06C /* DCMediaPocketDataItem.m */; };
		1B88586D16B66C890082F06C /* DCMediaPocket.m in Sources */ = {isa = PBXBuildFile; fileRef = 1B88586C16B66C890082F06C /* DCMediaPocket.m */; };
		1B88586E16B671110082F06C /* DCMediaPocketDataProtocel.h in CopyFiles */ = {isa = PBXBuildFile; fileRef = 1B88586716B66AED0082F06C /* DCMediaPocketDataProtocel.h */; };
		1B88587016B671110082F06C /* DCMediaPocket.h in CopyFiles */ = {isa = PBXBuildFile; fileRef = 1B88586B16B66C890082F06C /* DCMediaPocket.h */; };
		1BBBDB4516BA0A5300735EDA /* DCCommonUtility.m in Sources */ = {isa = PBXBuildFile; fileRef = 1BBBDB4416BA0A5300735EDA /* DCCommonUtility.m */; };
		1BCC890D16AF709100852851 /* Item.m in Sources */ = {isa = PBXBuildFile; fileRef = 1BCC890C16AF709100852851 /* Item.m */; };
		1BDCD99116B0C63300222E08 /* DCLoaderWorkshop.m in Sources */ = {isa = PBXBuildFile; fileRef = 1BDCD98B16B0C63300222E08 /* DCLoaderWorkshop.m */; };
		1BDCD99216B0C63300222E08 /* DCRevokableLoader.m in Sources */ = {isa = PBXBuildFile; fileRef = 1BDCD98D16B0C63300222E08 /* DCRevokableLoader.m */; };
		1BDCD99316B0C63300222E08 /* DCWebImageLoader.m in Sources */ = {isa = PBXBuildFile; fileRef = 1BDCD98F16B0C63300222E08 /* DCWebImageLoader.m */; };
		1BDCD99616B0C65D00222E08 /* CoreImage.framework in Frameworks */ = {isa = PBXBuildFile; fileRef = 1BDCD99516B0C65D00222E08 /* CoreImage.framework */; };
		1BDCD9B316B0FD5300222E08 /* CoreGraphics.framework in Frameworks */ = {isa = PBXBuildFile; fileRef = 1BDCD9B216B0FD5200222E08 /* CoreGraphics.framework */; };
		1BDCD9B516B0FD6700222E08 /* ImageIO.framework in Frameworks */ = {isa = PBXBuildFile; fileRef = 1BDCD9B416B0FD6700222E08 /* ImageIO.framework */; };
		1BDCDB0E16B2136600EF7BEA /* DCAssetsLibAgent.m in Sources */ = {isa = PBXBuildFile; fileRef = 1BDCDB0D16B2136600EF7BEA /* DCAssetsLibAgent.m */; };
		1BE3FAFA16966D71004DDEAF /* Foundation.framework in Frameworks */ = {isa = PBXBuildFile; fileRef = 1BE3FAF916966D71004DDEAF /* Foundation.framework */; };
		1BE3FB9816966E60004DDEAF /* CoreData.framework in Frameworks */ = {isa = PBXBuildFile; fileRef = 1BE3FB9716966E60004DDEAF /* CoreData.framework */; };
		1BE3FB9A16966E67004DDEAF /* UIKit.framework in Frameworks */ = {isa = PBXBuildFile; fileRef = 1BE3FB9916966E67004DDEAF /* UIKit.framework */; };
		1BE3FBB516966E76004DDEAF /* DCALAssetItem.m in Sources */ = {isa = PBXBuildFile; fileRef = 1BE3FB9E16966E76004DDEAF /* DCALAssetItem.m */; };
		1BE3FBB616966E76004DDEAF /* DCALAssetsGroup.m in Sources */ = {isa = PBXBuildFile; fileRef = 1BE3FBA016966E76004DDEAF /* DCALAssetsGroup.m */; };
		1BE3FBB716966E76004DDEAF /* DCALAssetsLibrary.m in Sources */ = {isa = PBXBuildFile; fileRef = 1BE3FBA216966E76004DDEAF /* DCALAssetsLibrary.m */; };
		1BE3FBB816966E76004DDEAF /* DCUniformDataProtocol.m in Sources */ = {isa = PBXBuildFile; fileRef = 1BE3FBA416966E76004DDEAF /* DCUniformDataProtocol.m */; };
		1BE3FBB916966E76004DDEAF /* DCImageInMemCache.m in Sources */ = {isa = PBXBuildFile; fileRef = 1BE3FBA716966E76004DDEAF /* DCImageInMemCache.m */; };
		1BE3FBBA16966E76004DDEAF /* DCMediaDBCommonDefine.m in Sources */ = {isa = PBXBuildFile; fileRef = 1BE3FBAA16966E76004DDEAF /* DCMediaDBCommonDefine.m */; };
		1BE3FBBB16966E76004DDEAF /* DCMediaDBManager.m in Sources */ = {isa = PBXBuildFile; fileRef = 1BE3FBAC16966E76004DDEAF /* DCMediaDBManager.m */; };
		1BE3FBBC16966E76004DDEAF /* DCMediaDBOperator.m in Sources */ = {isa = PBXBuildFile; fileRef = 1BE3FBAE16966E76004DDEAF /* DCMediaDBOperator.m */; };
		1BE3FBBD16966E76004DDEAF /* Group.m in Sources */ = {isa = PBXBuildFile; fileRef = 1BE3FBB016966E76004DDEAF /* Group.m */; };
		1BE3FBBF16966E76004DDEAF /* MediaDB.xcdatamodeld in Sources */ = {isa = PBXBuildFile; fileRef = 1BE3FBB316966E76004DDEAF /* MediaDB.xcdatamodeld */; };
		1BE3FBFF169675AC004DDEAF /* DCALAssetItem.h in CopyFiles */ = {isa = PBXBuildFile; fileRef = 1BE3FB9D16966E76004DDEAF /* DCALAssetItem.h */; };
		1BE3FC00169675AC004DDEAF /* DCALAssetsGroup.h in CopyFiles */ = {isa = PBXBuildFile; fileRef = 1BE3FB9F16966E76004DDEAF /* DCALAssetsGroup.h */; };
		1BE3FC01169675AC004DDEAF /* DCALAssetsLibrary.h in CopyFiles */ = {isa = PBXBuildFile; fileRef = 1BE3FBA116966E76004DDEAF /* DCALAssetsLibrary.h */; };
		1BE3FC02169675AC004DDEAF /* DCUniformDataProtocol.h in CopyFiles */ = {isa = PBXBuildFile; fileRef = 1BE3FBA316966E76004DDEAF /* DCUniformDataProtocol.h */; };
		1BE3FC03169675AC004DDEAF /* DCImageInMemCache.h in CopyFiles */ = {isa = PBXBuildFile; fileRef = 1BE3FBA616966E76004DDEAF /* DCImageInMemCache.h */; };
		1BE3FC04169675AC004DDEAF /* DCMediaDBCommonDefine.h in CopyFiles */ = {isa = PBXBuildFile; fileRef = 1BE3FBA916966E76004DDEAF /* DCMediaDBCommonDefine.h */; };
		1BE3FC05169675AC004DDEAF /* DCMediaDBManager.h in CopyFiles */ = {isa = PBXBuildFile; fileRef = 1BE3FBAB16966E76004DDEAF /* DCMediaDBManager.h */; };
		1BE3FC06169675AC004DDEAF /* DCMediaDBOperator.h in CopyFiles */ = {isa = PBXBuildFile; fileRef = 1BE3FBAD16966E76004DDEAF /* DCMediaDBOperator.h */; };
		1BE3FC07169675AC004DDEAF /* Group.h in CopyFiles */ = {isa = PBXBuildFile; fileRef = 1BE3FBAF16966E76004DDEAF /* Group.h */; };
		1BE7472C169EB9A800E6EB52 /* AssetsLibrary.framework in Frameworks */ = {isa = PBXBuildFile; fileRef = 1BE7472B169EB9A800E6EB52 /* AssetsLibrary.framework */; };
/* End PBXBuildFile section */

/* Begin PBXCopyFilesBuildPhase section */
		1BE3FAF416966D71004DDEAF /* CopyFiles */ = {
			isa = PBXCopyFilesBuildPhase;
			buildActionMask = 2147483647;
			dstPath = "include/${PRODUCT_NAME}";
			dstSubfolderSpec = 16;
			files = (
				1B88586E16B671110082F06C /* DCMediaPocketDataProtocel.h in CopyFiles */,
				1B88587016B671110082F06C /* DCMediaPocket.h in CopyFiles */,
				1B88586516B66A670082F06C /* Item.h in CopyFiles */,
				1B88584816B665870082F06C /* DCAssetsLibAgent.h in CopyFiles */,
				1B88584916B665870082F06C /* DCLoaderWorkshop.h in CopyFiles */,
				1B88584A16B665870082F06C /* DCRevokableLoader.h in CopyFiles */,
				1B88584B16B665870082F06C /* DCWebImageLoader.h in CopyFiles */,
				1B88584C16B665870082F06C /* DCLocalImageLoader.h in CopyFiles */,
				1BE3FBFF169675AC004DDEAF /* DCALAssetItem.h in CopyFiles */,
				1BE3FC00169675AC004DDEAF /* DCALAssetsGroup.h in CopyFiles */,
				1BE3FC01169675AC004DDEAF /* DCALAssetsLibrary.h in CopyFiles */,
				1BE3FC02169675AC004DDEAF /* DCUniformDataProtocol.h in CopyFiles */,
				1BE3FC03169675AC004DDEAF /* DCImageInMemCache.h in CopyFiles */,
				1BE3FC04169675AC004DDEAF /* DCMediaDBCommonDefine.h in CopyFiles */,
				1BE3FC05169675AC004DDEAF /* DCMediaDBManager.h in CopyFiles */,
				1BE3FC06169675AC004DDEAF /* DCMediaDBOperator.h in CopyFiles */,
				1BE3FC07169675AC004DDEAF /* Group.h in CopyFiles */,
			);
			runOnlyForDeploymentPostprocessing = 0;
		};
/* End PBXCopyFilesBuildPhase section */

/* Begin PBXFileReference section */
		1B55A7D816B61420004FF438 /* DCLocalImageLoader.h */ = {isa = PBXFileReference; fileEncoding = 4; lastKnownFileType = sourcecode.c.h; path = DCLocalImageLoader.h; sourceTree = "<group>"; };
		1B55A7D916B61420004FF438 /* DCLocalImageLoader.m */ = {isa = PBXFileReference; fileEncoding = 4; lastKnownFileType = sourcecode.c.objc; path = DCLocalImageLoader.m; sourceTree = "<group>"; };
		1B88585C16B6679E0082F06C /* DCImageHelper.m */ = {isa = PBXFileReference; lastKnownFileType = sourcecode.c.objc; name = DCImageHelper.m; path = ../Common/DCImageHelper.m; sourceTree = "<group>"; };
		1B88586716B66AED0082F06C /* DCMediaPocketDataProtocel.h */ = {isa = PBXFileReference; fileEncoding = 4; lastKnownFileType = sourcecode.c.h; path = DCMediaPocketDataProtocel.h; sourceTree = "<group>"; };
		1B88586816B66C770082F06C /* DCMediaPocketDataItem.h */ = {isa = PBXFileReference; fileEncoding = 4; lastKnownFileType = sourcecode.c.h; path = DCMediaPocketDataItem.h; sourceTree = "<group>"; };
		1B88586916B66C770082F06C /* DCMediaPocketDataItem.m */ = {isa = PBXFileReference; fileEncoding = 4; lastKnownFileType = sourcecode.c.objc; path = DCMediaPocketDataItem.m; sourceTree = "<group>"; };
		1B88586B16B66C890082F06C /* DCMediaPocket.h */ = {isa = PBXFileReference; fileEncoding = 4; lastKnownFileType = sourcecode.c.h; path = DCMediaPocket.h; sourceTree = "<group>"; };
		1B88586C16B66C890082F06C /* DCMediaPocket.m */ = {isa = PBXFileReference; fileEncoding = 4; lastKnownFileType = sourcecode.c.objc; path = DCMediaPocket.m; sourceTree = "<group>"; };
		1BBBDB4416BA0A5300735EDA /* DCCommonUtility.m */ = {isa = PBXFileReference; lastKnownFileType = sourcecode.c.objc; name = DCCommonUtility.m; path = ../Common/DCCommonUtility.m; sourceTree = "<group>"; };
		1BCC890B16AF709100852851 /* Item.h */ = {isa = PBXFileReference; fileEncoding = 4; lastKnownFileType = sourcecode.c.h; path = Item.h; sourceTree = "<group>"; };
		1BCC890C16AF709100852851 /* Item.m */ = {isa = PBXFileReference; fileEncoding = 4; lastKnownFileType = sourcecode.c.objc; path = Item.m; sourceTree = "<group>"; };
		1BDCD98A16B0C63300222E08 /* DCLoaderWorkshop.h */ = {isa = PBXFileReference; fileEncoding = 4; lastKnownFileType = sourcecode.c.h; path = DCLoaderWorkshop.h; sourceTree = "<group>"; };
		1BDCD98B16B0C63300222E08 /* DCLoaderWorkshop.m */ = {isa = PBXFileReference; fileEncoding = 4; lastKnownFileType = sourcecode.c.objc; path = DCLoaderWorkshop.m; sourceTree = "<group>"; };
		1BDCD98C16B0C63300222E08 /* DCRevokableLoader.h */ = {isa = PBXFileReference; fileEncoding = 4; lastKnownFileType = sourcecode.c.h; path = DCRevokableLoader.h; sourceTree = "<group>"; };
		1BDCD98D16B0C63300222E08 /* DCRevokableLoader.m */ = {isa = PBXFileReference; fileEncoding = 4; lastKnownFileType = sourcecode.c.objc; path = DCRevokableLoader.m; sourceTree = "<group>"; };
		1BDCD98E16B0C63300222E08 /* DCWebImageLoader.h */ = {isa = PBXFileReference; fileEncoding = 4; lastKnownFileType = sourcecode.c.h; path = DCWebImageLoader.h; sourceTree = "<group>"; };
		1BDCD98F16B0C63300222E08 /* DCWebImageLoader.m */ = {isa = PBXFileReference; fileEncoding = 4; lastKnownFileType = sourcecode.c.objc; path = DCWebImageLoader.m; sourceTree = "<group>"; };
		1BDCD99516B0C65D00222E08 /* CoreImage.framework */ = {isa = PBXFileReference; lastKnownFileType = wrapper.framework; name = CoreImage.framework; path = System/Library/Frameworks/CoreImage.framework; sourceTree = SDKROOT; };
		1BDCD9B216B0FD5200222E08 /* CoreGraphics.framework */ = {isa = PBXFileReference; lastKnownFileType = wrapper.framework; name = CoreGraphics.framework; path = System/Library/Frameworks/CoreGraphics.framework; sourceTree = SDKROOT; };
		1BDCD9B416B0FD6700222E08 /* ImageIO.framework */ = {isa = PBXFileReference; lastKnownFileType = wrapper.framework; name = ImageIO.framework; path = System/Library/Frameworks/ImageIO.framework; sourceTree = SDKROOT; };
		1BDCDB0C16B2136600EF7BEA /* DCAssetsLibAgent.h */ = {isa = PBXFileReference; fileEncoding = 4; lastKnownFileType = sourcecode.c.h; path = DCAssetsLibAgent.h; sourceTree = "<group>"; };
		1BDCDB0D16B2136600EF7BEA /* DCAssetsLibAgent.m */ = {isa = PBXFileReference; fileEncoding = 4; lastKnownFileType = sourcecode.c.objc; path = DCAssetsLibAgent.m; sourceTree = "<group>"; };
		1BE3FAF616966D71004DDEAF /* libZeus.a */ = {isa = PBXFileReference; explicitFileType = archive.ar; includeInIndex = 0; path = libZeus.a; sourceTree = BUILT_PRODUCTS_DIR; };
		1BE3FAF916966D71004DDEAF /* Foundation.framework */ = {isa = PBXFileReference; lastKnownFileType = wrapper.framework; name = Foundation.framework; path = System/Library/Frameworks/Foundation.framework; sourceTree = SDKROOT; };
		1BE3FAFD16966D71004DDEAF /* Zeus-Prefix.pch */ = {isa = PBXFileReference; lastKnownFileType = sourcecode.c.h; path = "Zeus-Prefix.pch"; sourceTree = "<group>"; };
		1BE3FB9716966E60004DDEAF /* CoreData.framework */ = {isa = PBXFileReference; lastKnownFileType = wrapper.framework; name = CoreData.framework; path = System/Library/Frameworks/CoreData.framework; sourceTree = SDKROOT; };
		1BE3FB9916966E67004DDEAF /* UIKit.framework */ = {isa = PBXFileReference; lastKnownFileType = wrapper.framework; name = UIKit.framework; path = System/Library/Frameworks/UIKit.framework; sourceTree = SDKROOT; };
		1BE3FB9D16966E76004DDEAF /* DCALAssetItem.h */ = {isa = PBXFileReference; fileEncoding = 4; lastKnownFileType = sourcecode.c.h; path = DCALAssetItem.h; sourceTree = "<group>"; };
		1BE3FB9E16966E76004DDEAF /* DCALAssetItem.m */ = {isa = PBXFileReference; fileEncoding = 4; lastKnownFileType = sourcecode.c.objc; path = DCALAssetItem.m; sourceTree = "<group>"; };
		1BE3FB9F16966E76004DDEAF /* DCALAssetsGroup.h */ = {isa = PBXFileReference; fileEncoding = 4; lastKnownFileType = sourcecode.c.h; path = DCALAssetsGroup.h; sourceTree = "<group>"; };
		1BE3FBA016966E76004DDEAF /* DCALAssetsGroup.m */ = {isa = PBXFileReference; fileEncoding = 4; lastKnownFileType = sourcecode.c.objc; path = DCALAssetsGroup.m; sourceTree = "<group>"; };
		1BE3FBA116966E76004DDEAF /* DCALAssetsLibrary.h */ = {isa = PBXFileReference; fileEncoding = 4; lastKnownFileType = sourcecode.c.h; path = DCALAssetsLibrary.h; sourceTree = "<group>"; };
		1BE3FBA216966E76004DDEAF /* DCALAssetsLibrary.m */ = {isa = PBXFileReference; fileEncoding = 4; lastKnownFileType = sourcecode.c.objc; path = DCALAssetsLibrary.m; sourceTree = "<group>"; };
		1BE3FBA316966E76004DDEAF /* DCUniformDataProtocol.h */ = {isa = PBXFileReference; fileEncoding = 4; lastKnownFileType = sourcecode.c.h; path = DCUniformDataProtocol.h; sourceTree = "<group>"; };
		1BE3FBA416966E76004DDEAF /* DCUniformDataProtocol.m */ = {isa = PBXFileReference; fileEncoding = 4; lastKnownFileType = sourcecode.c.objc; path = DCUniformDataProtocol.m; sourceTree = "<group>"; };
		1BE3FBA616966E76004DDEAF /* DCImageInMemCache.h */ = {isa = PBXFileReference; fileEncoding = 4; lastKnownFileType = sourcecode.c.h; path = DCImageInMemCache.h; sourceTree = "<group>"; };
		1BE3FBA716966E76004DDEAF /* DCImageInMemCache.m */ = {isa = PBXFileReference; fileEncoding = 4; lastKnownFileType = sourcecode.c.objc; path = DCImageInMemCache.m; sourceTree = "<group>"; };
		1BE3FBA916966E76004DDEAF /* DCMediaDBCommonDefine.h */ = {isa = PBXFileReference; fileEncoding = 4; lastKnownFileType = sourcecode.c.h; path = DCMediaDBCommonDefine.h; sourceTree = "<group>"; };
		1BE3FBAA16966E76004DDEAF /* DCMediaDBCommonDefine.m */ = {isa = PBXFileReference; fileEncoding = 4; lastKnownFileType = sourcecode.c.objc; path = DCMediaDBCommonDefine.m; sourceTree = "<group>"; };
		1BE3FBAB16966E76004DDEAF /* DCMediaDBManager.h */ = {isa = PBXFileReference; fileEncoding = 4; lastKnownFileType = sourcecode.c.h; path = DCMediaDBManager.h; sourceTree = "<group>"; };
		1BE3FBAC16966E76004DDEAF /* DCMediaDBManager.m */ = {isa = PBXFileReference; fileEncoding = 4; lastKnownFileType = sourcecode.c.objc; path = DCMediaDBManager.m; sourceTree = "<group>"; };
		1BE3FBAD16966E76004DDEAF /* DCMediaDBOperator.h */ = {isa = PBXFileReference; fileEncoding = 4; lastKnownFileType = sourcecode.c.h; path = DCMediaDBOperator.h; sourceTree = "<group>"; };
		1BE3FBAE16966E76004DDEAF /* DCMediaDBOperator.m */ = {isa = PBXFileReference; fileEncoding = 4; lastKnownFileType = sourcecode.c.objc; path = DCMediaDBOperator.m; sourceTree = "<group>"; };
		1BE3FBAF16966E76004DDEAF /* Group.h */ = {isa = PBXFileReference; fileEncoding = 4; lastKnownFileType = sourcecode.c.h; path = Group.h; sourceTree = "<group>"; };
		1BE3FBB016966E76004DDEAF /* Group.m */ = {isa = PBXFileReference; fileEncoding = 4; lastKnownFileType = sourcecode.c.objc; path = Group.m; sourceTree = "<group>"; };
		1BE3FBB416966E76004DDEAF /* MediaDB.xcdatamodel */ = {isa = PBXFileReference; lastKnownFileType = wrapper.xcdatamodel; path = MediaDB.xcdatamodel; sourceTree = "<group>"; };
		1BE3FC0C169677A2004DDEAF /* README.md */ = {isa = PBXFileReference; fileEncoding = 4; lastKnownFileType = text; path = README.md; sourceTree = SOURCE_ROOT; };
		1BE7472B169EB9A800E6EB52 /* AssetsLibrary.framework */ = {isa = PBXFileReference; lastKnownFileType = wrapper.framework; name = AssetsLibrary.framework; path = System/Library/Frameworks/AssetsLibrary.framework; sourceTree = SDKROOT; };
/* End PBXFileReference section */

/* Begin PBXFrameworksBuildPhase section */
		1BE3FAF316966D71004DDEAF /* Frameworks */ = {
			isa = PBXFrameworksBuildPhase;
			buildActionMask = 2147483647;
			files = (
				1BDCD9B516B0FD6700222E08 /* ImageIO.framework in Frameworks */,
				1BDCD9B316B0FD5300222E08 /* CoreGraphics.framework in Frameworks */,
				1BDCD99616B0C65D00222E08 /* CoreImage.framework in Frameworks */,
				1BE7472C169EB9A800E6EB52 /* AssetsLibrary.framework in Frameworks */,
				1BE3FB9A16966E67004DDEAF /* UIKit.framework in Frameworks */,
				1BE3FB9816966E60004DDEAF /* CoreData.framework in Frameworks */,
				1BE3FAFA16966D71004DDEAF /* Foundation.framework in Frameworks */,
			);
			runOnlyForDeploymentPostprocessing = 0;
		};
/* End PBXFrameworksBuildPhase section */

/* Begin PBXGroup section */
		1B88586616B66AB30082F06C /* MediaPocket */ = {
			isa = PBXGroup;
			children = (
				1B88586716B66AED0082F06C /* DCMediaPocketDataProtocel.h */,
				1B88586816B66C770082F06C /* DCMediaPocketDataItem.h */,
				1B88586916B66C770082F06C /* DCMediaPocketDataItem.m */,
				1B88586B16B66C890082F06C /* DCMediaPocket.h */,
				1B88586C16B66C890082F06C /* DCMediaPocket.m */,
			);
			path = MediaPocket;
			sourceTree = "<group>";
		};
		1BE3FAEB16966D71004DDEAF = {
			isa = PBXGroup;
			children = (
				1BBBDB4416BA0A5300735EDA /* DCCommonUtility.m */,
				1B88585C16B6679E0082F06C /* DCImageHelper.m */,
				1BE3FAFB16966D71004DDEAF /* Zeus */,
				1BE3FAF816966D71004DDEAF /* Frameworks */,
				1BE3FAF716966D71004DDEAF /* Products */,
			);
			sourceTree = "<group>";
		};
		1BE3FAF716966D71004DDEAF /* Products */ = {
			isa = PBXGroup;
			children = (
				1BE3FAF616966D71004DDEAF /* libZeus.a */,
			);
			name = Products;
			sourceTree = "<group>";
		};
		1BE3FAF816966D71004DDEAF /* Frameworks */ = {
			isa = PBXGroup;
			children = (
				1BDCD9B416B0FD6700222E08 /* ImageIO.framework */,
				1BDCD9B216B0FD5200222E08 /* CoreGraphics.framework */,
				1BDCD99516B0C65D00222E08 /* CoreImage.framework */,
				1BE7472B169EB9A800E6EB52 /* AssetsLibrary.framework */,
				1BE3FB9916966E67004DDEAF /* UIKit.framework */,
				1BE3FB9716966E60004DDEAF /* CoreData.framework */,
				1BE3FAF916966D71004DDEAF /* Foundation.framework */,
			);
			name = Frameworks;
			sourceTree = "<group>";
		};
		1BE3FAFB16966D71004DDEAF /* Zeus */ = {
			isa = PBXGroup;
			children = (
				1B88586616B66AB30082F06C /* MediaPocket */,
				1BE3FB9B16966E76004DDEAF /* DataLibraryManager */,
				1BE3FBA516966E76004DDEAF /* LoaderAndCache */,
				1BE3FBA816966E76004DDEAF /* MediaDB */,
				1BE3FAFC16966D71004DDEAF /* Supporting Files */,
			);
			path = Zeus;
			sourceTree = "<group>";
		};
		1BE3FAFC16966D71004DDEAF /* Supporting Files */ = {
			isa = PBXGroup;
			children = (
				1BE3FC0C169677A2004DDEAF /* README.md */,
				1BE3FAFD16966D71004DDEAF /* Zeus-Prefix.pch */,
			);
			name = "Supporting Files";
			sourceTree = "<group>";
		};
		1BE3FB9B16966E76004DDEAF /* DataLibraryManager */ = {
			isa = PBXGroup;
			children = (
				1BE3FB9C16966E76004DDEAF /* ALAssetLib */,
				1BE3FBA316966E76004DDEAF /* DCUniformDataProtocol.h */,
				1BE3FBA416966E76004DDEAF /* DCUniformDataProtocol.m */,
			);
			path = DataLibraryManager;
			sourceTree = "<group>";
		};
		1BE3FB9C16966E76004DDEAF /* ALAssetLib */ = {
			isa = PBXGroup;
			children = (
				1BE3FB9D16966E76004DDEAF /* DCALAssetItem.h */,
				1BE3FB9E16966E76004DDEAF /* DCALAssetItem.m */,
				1BE3FB9F16966E76004DDEAF /* DCALAssetsGroup.h */,
				1BE3FBA016966E76004DDEAF /* DCALAssetsGroup.m */,
				1BE3FBA116966E76004DDEAF /* DCALAssetsLibrary.h */,
				1BE3FBA216966E76004DDEAF /* DCALAssetsLibrary.m */,
				1BDCDB0C16B2136600EF7BEA /* DCAssetsLibAgent.h */,
				1BDCDB0D16B2136600EF7BEA /* DCAssetsLibAgent.m */,
			);
			path = ALAssetLib;
			sourceTree = "<group>";
		};
		1BE3FBA516966E76004DDEAF /* LoaderAndCache */ = {
			isa = PBXGroup;
			children = (
				1BDCD98A16B0C63300222E08 /* DCLoaderWorkshop.h */,
				1BDCD98B16B0C63300222E08 /* DCLoaderWorkshop.m */,
				1BDCD98C16B0C63300222E08 /* DCRevokableLoader.h */,
				1BDCD98D16B0C63300222E08 /* DCRevokableLoader.m */,
				1BDCD98E16B0C63300222E08 /* DCWebImageLoader.h */,
				1BDCD98F16B0C63300222E08 /* DCWebImageLoader.m */,
				1B55A7D816B61420004FF438 /* DCLocalImageLoader.h */,
				1B55A7D916B61420004FF438 /* DCLocalImageLoader.m */,
				1BE3FBA616966E76004DDEAF /* DCImageInMemCache.h */,
				1BE3FBA716966E76004DDEAF /* DCImageInMemCache.m */,
			);
			path = LoaderAndCache;
			sourceTree = "<group>";
		};
		1BE3FBA816966E76004DDEAF /* MediaDB */ = {
			isa = PBXGroup;
			children = (
				1BE3FBA916966E76004DDEAF /* DCMediaDBCommonDefine.h */,
				1BE3FBAA16966E76004DDEAF /* DCMediaDBCommonDefine.m */,
				1BE3FBAB16966E76004DDEAF /* DCMediaDBManager.h */,
				1BE3FBAC16966E76004DDEAF /* DCMediaDBManager.m */,
				1BE3FBAD16966E76004DDEAF /* DCMediaDBOperator.h */,
				1BE3FBAE16966E76004DDEAF /* DCMediaDBOperator.m */,
				1BE3FBAF16966E76004DDEAF /* Group.h */,
				1BE3FBB016966E76004DDEAF /* Group.m */,
				1BE3FBB316966E76004DDEAF /* MediaDB.xcdatamodeld */,
				1BCC890B16AF709100852851 /* Item.h */,
				1BCC890C16AF709100852851 /* Item.m */,
			);
			path = MediaDB;
			sourceTree = "<group>";
		};
/* End PBXGroup section */

/* Begin PBXNativeTarget section */
		1BE3FAF516966D71004DDEAF /* Zeus */ = {
			isa = PBXNativeTarget;
			buildConfigurationList = 1BE3FB0416966D71004DDEAF /* Build configuration list for PBXNativeTarget "Zeus" */;
			buildPhases = (
				1BE3FAF216966D71004DDEAF /* Sources */,
				1BE3FAF316966D71004DDEAF /* Frameworks */,
				1BE3FAF416966D71004DDEAF /* CopyFiles */,
			);
			buildRules = (
			);
			dependencies = (
			);
			name = Zeus;
			productName = Zeus;
			productReference = 1BE3FAF616966D71004DDEAF /* libZeus.a */;
			productType = "com.apple.product-type.library.static";
		};
/* End PBXNativeTarget section */

/* Begin PBXProject section */
		1BE3FAED16966D71004DDEAF /* Project object */ = {
			isa = PBXProject;
			attributes = {
				LastUpgradeCheck = 0450;
				ORGANIZATIONNAME = "Chen XiaoLiang";
			};
			buildConfigurationList = 1BE3FAF016966D71004DDEAF /* Build configuration list for PBXProject "Zeus" */;
			compatibilityVersion = "Xcode 3.2";
			developmentRegion = English;
			hasScannedForEncodings = 0;
			knownRegions = (
				en,
			);
			mainGroup = 1BE3FAEB16966D71004DDEAF;
			productRefGroup = 1BE3FAF716966D71004DDEAF /* Products */;
			projectDirPath = "";
			projectRoot = "";
			targets = (
				1BE3FAF516966D71004DDEAF /* Zeus */,
			);
		};
/* End PBXProject section */

/* Begin PBXSourcesBuildPhase section */
		1BE3FAF216966D71004DDEAF /* Sources */ = {
			isa = PBXSourcesBuildPhase;
			buildActionMask = 2147483647;
			files = (
				1BBBDB4516BA0A5300735EDA /* DCCommonUtility.m in Sources */,
				1B88585D16B6679E0082F06C /* DCImageHelper.m in Sources */,
				1BE3FBB516966E76004DDEAF /* DCALAssetItem.m in Sources */,
				1BE3FBB616966E76004DDEAF /* DCALAssetsGroup.m in Sources */,
				1BE3FBB716966E76004DDEAF /* DCALAssetsLibrary.m in Sources */,
				1BE3FBB816966E76004DDEAF /* DCUniformDataProtocol.m in Sources */,
				1BE3FBB916966E76004DDEAF /* DCImageInMemCache.m in Sources */,
				1BE3FBBA16966E76004DDEAF /* DCMediaDBCommonDefine.m in Sources */,
				1BE3FBBB16966E76004DDEAF /* DCMediaDBManager.m in Sources */,
				1BE3FBBC16966E76004DDEAF /* DCMediaDBOperator.m in Sources */,
				1BE3FBBD16966E76004DDEAF /* Group.m in Sources */,
				1BE3FBBF16966E76004DDEAF /* MediaDB.xcdatamodeld in Sources */,
				1BCC890D16AF709100852851 /* Item.m in Sources */,
				1BDCD99116B0C63300222E08 /* DCLoaderWorkshop.m in Sources */,
				1BDCD99216B0C63300222E08 /* DCRevokableLoader.m in Sources */,
				1BDCD99316B0C63300222E08 /* DCWebImageLoader.m in Sources */,
				1BDCDB0E16B2136600EF7BEA /* DCAssetsLibAgent.m in Sources */,
				1B55A7DA16B61420004FF438 /* DCLocalImageLoader.m in Sources */,
				1B88586A16B66C770082F06C /* DCMediaPocketDataItem.m in Sources */,
				1B88586D16B66C890082F06C /* DCMediaPocket.m in Sources */,
			);
			runOnlyForDeploymentPostprocessing = 0;
		};
/* End PBXSourcesBuildPhase section */

/* Begin XCBuildConfiguration section */
		1BE3FB0216966D71004DDEAF /* Debug */ = {
			isa = XCBuildConfiguration;
			buildSettings = {
				ALWAYS_SEARCH_USER_PATHS = NO;
				CLANG_CXX_LANGUAGE_STANDARD = "gnu++0x";
				CLANG_CXX_LIBRARY = "libc++";
				CLANG_ENABLE_OBJC_ARC = YES;
				CLANG_WARN_EMPTY_BODY = YES;
				CLANG_WARN__DUPLICATE_METHOD_MATCH = YES;
				CONFIGURATION_BUILD_DIR = "$(BUILD_DIR)/$(CONFIGURATION)$(EFFECTIVE_PLATFORM_NAME)";
				COPY_PHASE_STRIP = NO;
				GCC_C_LANGUAGE_STANDARD = gnu99;
				GCC_DYNAMIC_NO_PIC = NO;
				GCC_OPTIMIZATION_LEVEL = 0;
				GCC_PREPROCESSOR_DEFINITIONS = (
					"DEBUG=1",
					"$(inherited)",
				);
				GCC_SYMBOLS_PRIVATE_EXTERN = NO;
				GCC_WARN_ABOUT_RETURN_TYPE = YES;
				GCC_WARN_UNINITIALIZED_AUTOS = YES;
				GCC_WARN_UNUSED_VARIABLE = YES;
				HEADER_SEARCH_PATHS = "";
				IPHONEOS_DEPLOYMENT_TARGET = 6.0;
				ONLY_ACTIVE_ARCH = YES;
				PUBLIC_HEADERS_FOLDER_PATH = "";
				SDKROOT = iphoneos;
			};
			name = Debug;
		};
		1BE3FB0316966D71004DDEAF /* Release */ = {
			isa = XCBuildConfiguration;
			buildSettings = {
				ALWAYS_SEARCH_USER_PATHS = NO;
				CLANG_CXX_LANGUAGE_STANDARD = "gnu++0x";
				CLANG_CXX_LIBRARY = "libc++";
				CLANG_ENABLE_OBJC_ARC = YES;
				CLANG_WARN_EMPTY_BODY = YES;
				CLANG_WARN__DUPLICATE_METHOD_MATCH = YES;
				CONFIGURATION_BUILD_DIR = "$(BUILD_DIR)/$(CONFIGURATION)$(EFFECTIVE_PLATFORM_NAME)";
				COPY_PHASE_STRIP = YES;
				GCC_C_LANGUAGE_STANDARD = gnu99;
				GCC_WARN_ABOUT_RETURN_TYPE = YES;
				GCC_WARN_UNINITIALIZED_AUTOS = YES;
				GCC_WARN_UNUSED_VARIABLE = YES;
				HEADER_SEARCH_PATHS = "";
				IPHONEOS_DEPLOYMENT_TARGET = 6.0;
				PUBLIC_HEADERS_FOLDER_PATH = "";
				SDKROOT = iphoneos;
				VALIDATE_PRODUCT = YES;
			};
			name = Release;
		};
		1BE3FB0516966D71004DDEAF /* Debug */ = {
			isa = XCBuildConfiguration;
			buildSettings = {
				CONFIGURATION_BUILD_DIR = "$(SRCROOT)/../Common/$(CONFIGURATION)$(EFFECTIVE_PLATFORM_NAME)";
				DSTROOT = /tmp/Zeus.dst;
				GCC_PRECOMPILE_PREFIX_HEADER = YES;
				GCC_PREFIX_HEADER = "Zeus/Zeus-Prefix.pch";
				HEADER_SEARCH_PATHS = "$(SRCROOT)/../Common/**";
				IPHONEOS_DEPLOYMENT_TARGET = 5.0;
				LIBRARY_SEARCH_PATHS = "$(SRCROOT)/../Common/**";
				OTHER_LDFLAGS = "-ObjC";
				PRODUCT_NAME = "$(TARGET_NAME)";
				PUBLIC_HEADERS_FOLDER_PATH = "$(SRCROOT)/../Common/include";
				SKIP_INSTALL = YES;
			};
			name = Debug;
		};
		1BE3FB0616966D71004DDEAF /* Release */ = {
			isa = XCBuildConfiguration;
			buildSettings = {
				CONFIGURATION_BUILD_DIR = "$(SRCROOT)/../Common/$(CONFIGURATION)$(EFFECTIVE_PLATFORM_NAME)";
				DSTROOT = /tmp/Zeus.dst;
				GCC_PRECOMPILE_PREFIX_HEADER = YES;
				GCC_PREFIX_HEADER = "Zeus/Zeus-Prefix.pch";
				HEADER_SEARCH_PATHS = "$(SRCROOT)/../Common/**";
				IPHONEOS_DEPLOYMENT_TARGET = 5.0;
				LIBRARY_SEARCH_PATHS = "$(SRCROOT)/../Common/**";
				OTHER_LDFLAGS = "-ObjC";
				PRODUCT_NAME = "$(TARGET_NAME)";
				PUBLIC_HEADERS_FOLDER_PATH = "$(SRCROOT)/../Common/include";
				SKIP_INSTALL = YES;
			};
			name = Release;
		};
/* End XCBuildConfiguration section */

/* Begin XCConfigurationList section */
		1BE3FAF016966D71004DDEAF /* Build configuration list for PBXProject "Zeus" */ = {
			isa = XCConfigurationList;
			buildConfigurations = (
				1BE3FB0216966D71004DDEAF /* Debug */,
				1BE3FB0316966D71004DDEAF /* Release */,
			);
			defaultConfigurationIsVisible = 0;
			defaultConfigurationName = Release;
		};
		1BE3FB0416966D71004DDEAF /* Build configuration list for PBXNativeTarget "Zeus" */ = {
			isa = XCConfigurationList;
			buildConfigurations = (
				1BE3FB0516966D71004DDEAF /* Debug */,
				1BE3FB0616966D71004DDEAF /* Release */,
			);
			defaultConfigurationIsVisible = 0;
			defaultConfigurationName = Release;
		};
/* End XCConfigurationList section */

/* Begin XCVersionGroup section */
		1BE3FBB316966E76004DDEAF /* MediaDB.xcdatamodeld */ = {
			isa = XCVersionGroup;
			children = (
				1BE3FBB416966E76004DDEAF /* MediaDB.xcdatamodel */,
			);
			currentVersion = 1BE3FBB416966E76004DDEAF /* MediaDB.xcdatamodel */;
			path = MediaDB.xcdatamodeld;
			sourceTree = "<group>";
			versionGroupType = wrapper.xcdatamodel;
		};
/* End XCVersionGroup section */
	};
	rootObject = 1BE3FAED16966D71004DDEAF /* Project object */;
}
